// !$*UTF8*$!
{
	archiveVersion = 1;
	classes = {
	};
	objectVersion = 46;
	objects = {

/* Begin PBXBuildFile section */
		BF246D5813DD1BF000088198 /* UIKit.framework in Frameworks */ = {isa = PBXBuildFile; fileRef = BF246D5713DD1BF000088198 /* UIKit.framework */; };
		BF246D5A13DD1BF000088198 /* Foundation.framework in Frameworks */ = {isa = PBXBuildFile; fileRef = BF246D5913DD1BF000088198 /* Foundation.framework */; };
		BF246D5C13DD1BF000088198 /* CoreGraphics.framework in Frameworks */ = {isa = PBXBuildFile; fileRef = BF246D5B13DD1BF000088198 /* CoreGraphics.framework */; };
		BF246D6213DD1BF000088198 /* InfoPlist.strings in Resources */ = {isa = PBXBuildFile; fileRef = BF246D6013DD1BF000088198 /* InfoPlist.strings */; };
		BF246D6513DD1BF000088198 /* main.m in Sources */ = {isa = PBXBuildFile; fileRef = BF246D6413DD1BF000088198 /* main.m */; };
		BF246D6813DD1BF000088198 /* WaterAppAppDelegate.m in Sources */ = {isa = PBXBuildFile; fileRef = BF246D6713DD1BF000088198 /* WaterAppAppDelegate.m */; };
		BF246D6B13DD1BF000088198 /* MainWindow.xib in Resources */ = {isa = PBXBuildFile; fileRef = BF246D6913DD1BF000088198 /* MainWindow.xib */; };
		BF246D6E13DD1BF000088198 /* RootViewController.m in Sources */ = {isa = PBXBuildFile; fileRef = BF246D6D13DD1BF000088198 /* RootViewController.m */; };
		BF246D7113DD1BF000088198 /* RootView.xib in Resources */ = {isa = PBXBuildFile; fileRef = BF246D6F13DD1BF000088198 /* RootView.xib */; };
		BF246D7813DD1BF000088198 /* UIKit.framework in Frameworks */ = {isa = PBXBuildFile; fileRef = BF246D5713DD1BF000088198 /* UIKit.framework */; };
		BF246D7913DD1BF000088198 /* Foundation.framework in Frameworks */ = {isa = PBXBuildFile; fileRef = BF246D5913DD1BF000088198 /* Foundation.framework */; };
		BF246D7A13DD1BF000088198 /* CoreGraphics.framework in Frameworks */ = {isa = PBXBuildFile; fileRef = BF246D5B13DD1BF000088198 /* CoreGraphics.framework */; };
		BF246D8213DD1BF000088198 /* InfoPlist.strings in Resources */ = {isa = PBXBuildFile; fileRef = BF246D8013DD1BF000088198 /* InfoPlist.strings */; };
		BF246D8513DD1BF000088198 /* WaterAppTests.h in Resources */ = {isa = PBXBuildFile; fileRef = BF246D8413DD1BF000088198 /* WaterAppTests.h */; };
		BF246D8713DD1BF000088198 /* WaterAppTests.m in Sources */ = {isa = PBXBuildFile; fileRef = BF246D8613DD1BF000088198 /* WaterAppTests.m */; };
		BF936D9513E63DBC008968A3 /* Leak.m in Sources */ = {isa = PBXBuildFile; fileRef = BF936D9413E63DBC008968A3 /* Leak.m */; };
		BF936D9613E63DBC008968A3 /* Leak.m in Sources */ = {isa = PBXBuildFile; fileRef = BF936D9413E63DBC008968A3 /* Leak.m */; };
/* End PBXBuildFile section */

/* Begin PBXContainerItemProxy section */
		BF246D7B13DD1BF000088198 /* PBXContainerItemProxy */ = {
			isa = PBXContainerItemProxy;
			containerPortal = BF246D4A13DD1BF000088198 /* Project object */;
			proxyType = 1;
			remoteGlobalIDString = BF246D5213DD1BF000088198;
			remoteInfo = WaterApp;
		};
/* End PBXContainerItemProxy section */

/* Begin PBXFileReference section */
		BF246D5313DD1BF000088198 /* WaterApp.app */ = {isa = PBXFileReference; explicitFileType = wrapper.application; includeInIndex = 0; path = WaterApp.app; sourceTree = BUILT_PRODUCTS_DIR; };
		BF246D5713DD1BF000088198 /* UIKit.framework */ = {isa = PBXFileReference; lastKnownFileType = wrapper.framework; name = UIKit.framework; path = System/Library/Frameworks/UIKit.framework; sourceTree = SDKROOT; };
		BF246D5913DD1BF000088198 /* Foundation.framework */ = {isa = PBXFileReference; lastKnownFileType = wrapper.framework; name = Foundation.framework; path = System/Library/Frameworks/Foundation.framework; sourceTree = SDKROOT; };
		BF246D5B13DD1BF000088198 /* CoreGraphics.framework */ = {isa = PBXFileReference; lastKnownFileType = wrapper.framework; name = CoreGraphics.framework; path = System/Library/Frameworks/CoreGraphics.framework; sourceTree = SDKROOT; };
		BF246D5F13DD1BF000088198 /* WaterApp-Info.plist */ = {isa = PBXFileReference; lastKnownFileType = text.plist.xml; path = "WaterApp-Info.plist"; sourceTree = "<group>"; };
		BF246D6113DD1BF000088198 /* en */ = {isa = PBXFileReference; lastKnownFileType = text.plist.strings; name = en; path = en.lproj/InfoPlist.strings; sourceTree = "<group>"; };
		BF246D6313DD1BF000088198 /* WaterApp-Prefix.pch */ = {isa = PBXFileReference; lastKnownFileType = sourcecode.c.h; path = "WaterApp-Prefix.pch"; sourceTree = "<group>"; };
		BF246D6413DD1BF000088198 /* main.m */ = {isa = PBXFileReference; lastKnownFileType = sourcecode.c.objc; path = main.m; sourceTree = "<group>"; };
		BF246D6613DD1BF000088198 /* WaterAppAppDelegate.h */ = {isa = PBXFileReference; lastKnownFileType = sourcecode.c.h; path = WaterAppAppDelegate.h; sourceTree = "<group>"; };
		BF246D6713DD1BF000088198 /* WaterAppAppDelegate.m */ = {isa = PBXFileReference; lastKnownFileType = sourcecode.c.objc; path = WaterAppAppDelegate.m; sourceTree = "<group>"; };
		BF246D6A13DD1BF000088198 /* en */ = {isa = PBXFileReference; lastKnownFileType = file.xib; name = en; path = en.lproj/MainWindow.xib; sourceTree = "<group>"; };
		BF246D6C13DD1BF000088198 /* RootViewController.h */ = {isa = PBXFileReference; lastKnownFileType = sourcecode.c.h; path = RootViewController.h; sourceTree = "<group>"; };
		BF246D6D13DD1BF000088198 /* RootViewController.m */ = {isa = PBXFileReference; lastKnownFileType = sourcecode.c.objc; path = RootViewController.m; sourceTree = "<group>"; };
		BF246D7013DD1BF000088198 /* en */ = {isa = PBXFileReference; lastKnownFileType = file.xib; name = en; path = en.lproj/RootView.xib; sourceTree = "<group>"; };
		BF246D7713DD1BF000088198 /* WaterAppTests.octest */ = {isa = PBXFileReference; explicitFileType = wrapper.cfbundle; includeInIndex = 0; path = WaterAppTests.octest; sourceTree = BUILT_PRODUCTS_DIR; };
		BF246D7F13DD1BF000088198 /* WaterAppTests-Info.plist */ = {isa = PBXFileReference; lastKnownFileType = text.plist.xml; path = "WaterAppTests-Info.plist"; sourceTree = "<group>"; };
		BF246D8113DD1BF000088198 /* en */ = {isa = PBXFileReference; lastKnownFileType = text.plist.strings; name = en; path = en.lproj/InfoPlist.strings; sourceTree = "<group>"; };
		BF246D8313DD1BF000088198 /* WaterAppTests-Prefix.pch */ = {isa = PBXFileReference; lastKnownFileType = sourcecode.c.h; path = "WaterAppTests-Prefix.pch"; sourceTree = "<group>"; };
		BF246D8413DD1BF000088198 /* WaterAppTests.h */ = {isa = PBXFileReference; lastKnownFileType = sourcecode.c.h; path = WaterAppTests.h; sourceTree = "<group>"; };
		BF246D8613DD1BF000088198 /* WaterAppTests.m */ = {isa = PBXFileReference; lastKnownFileType = sourcecode.c.objc; path = WaterAppTests.m; sourceTree = "<group>"; };
		BF936D9313E63DBC008968A3 /* Leak.h */ = {isa = PBXFileReference; fileEncoding = 4; lastKnownFileType = sourcecode.c.h; path = Leak.h; sourceTree = "<group>"; };
		BF936D9413E63DBC008968A3 /* Leak.m */ = {isa = PBXFileReference; fileEncoding = 4; lastKnownFileType = sourcecode.c.objc; path = Leak.m; sourceTree = "<group>"; };
/* End PBXFileReference section */

/* Begin PBXFrameworksBuildPhase section */
		BF246D5013DD1BF000088198 /* Frameworks */ = {
			isa = PBXFrameworksBuildPhase;
			buildActionMask = 2147483647;
			files = (
				BF246D5813DD1BF000088198 /* UIKit.framework in Frameworks */,
				BF246D5A13DD1BF000088198 /* Foundation.framework in Frameworks */,
				BF246D5C13DD1BF000088198 /* CoreGraphics.framework in Frameworks */,
			);
			runOnlyForDeploymentPostprocessing = 0;
		};
		BF246D7313DD1BF000088198 /* Frameworks */ = {
			isa = PBXFrameworksBuildPhase;
			buildActionMask = 2147483647;
			files = (
				BF246D7813DD1BF000088198 /* UIKit.framework in Frameworks */,
				BF246D7913DD1BF000088198 /* Foundation.framework in Frameworks */,
				BF246D7A13DD1BF000088198 /* CoreGraphics.framework in Frameworks */,
			);
			runOnlyForDeploymentPostprocessing = 0;
		};
/* End PBXFrameworksBuildPhase section */

/* Begin PBXGroup section */
		BF246D4813DD1BF000088198 = {
			isa = PBXGroup;
			children = (
				BF246D5D13DD1BF000088198 /* WaterApp */,
				BF246D7D13DD1BF000088198 /* WaterAppTests */,
				BF246D5613DD1BF000088198 /* Frameworks */,
				BF246D5413DD1BF000088198 /* Products */,
			);
			sourceTree = "<group>";
		};
		BF246D5413DD1BF000088198 /* Products */ = {
			isa = PBXGroup;
			children = (
				BF246D5313DD1BF000088198 /* WaterApp.app */,
				BF246D7713DD1BF000088198 /* WaterAppTests.octest */,
			);
			name = Products;
			sourceTree = "<group>";
		};
		BF246D5613DD1BF000088198 /* Frameworks */ = {
			isa = PBXGroup;
			children = (
				BF246D5713DD1BF000088198 /* UIKit.framework */,
				BF246D5913DD1BF000088198 /* Foundation.framework */,
				BF246D5B13DD1BF000088198 /* CoreGraphics.framework */,
			);
			name = Frameworks;
			sourceTree = "<group>";
		};
		BF246D5D13DD1BF000088198 /* WaterApp */ = {
			isa = PBXGroup;
			children = (
				BF936D9113E63D5C008968A3 /* Models */,
				BF246D6613DD1BF000088198 /* WaterAppAppDelegate.h */,
				BF246D6713DD1BF000088198 /* WaterAppAppDelegate.m */,
				BF246D6913DD1BF000088198 /* MainWindow.xib */,
				BF246D6C13DD1BF000088198 /* RootViewController.h */,
				BF246D6D13DD1BF000088198 /* RootViewController.m */,
				BF246D6F13DD1BF000088198 /* RootView.xib */,
				BF246D5E13DD1BF000088198 /* Supporting Files */,
			);
			path = WaterApp;
			sourceTree = "<group>";
		};
		BF246D5E13DD1BF000088198 /* Supporting Files */ = {
			isa = PBXGroup;
			children = (
				BF246D5F13DD1BF000088198 /* WaterApp-Info.plist */,
				BF246D6013DD1BF000088198 /* InfoPlist.strings */,
				BF246D6313DD1BF000088198 /* WaterApp-Prefix.pch */,
				BF246D6413DD1BF000088198 /* main.m */,
			);
			name = "Supporting Files";
			sourceTree = "<group>";
		};
		BF246D7D13DD1BF000088198 /* WaterAppTests */ = {
			isa = PBXGroup;
			children = (
				BF246D8413DD1BF000088198 /* WaterAppTests.h */,
				BF246D8613DD1BF000088198 /* WaterAppTests.m */,
				BF246D7E13DD1BF000088198 /* Supporting Files */,
			);
			path = WaterAppTests;
			sourceTree = "<group>";
		};
		BF246D7E13DD1BF000088198 /* Supporting Files */ = {
			isa = PBXGroup;
			children = (
				BF246D7F13DD1BF000088198 /* WaterAppTests-Info.plist */,
				BF246D8013DD1BF000088198 /* InfoPlist.strings */,
				BF246D8313DD1BF000088198 /* WaterAppTests-Prefix.pch */,
			);
			name = "Supporting Files";
			sourceTree = "<group>";
		};
		BF936D9113E63D5C008968A3 /* Models */ = {
			isa = PBXGroup;
			children = (
				BF936D9313E63DBC008968A3 /* Leak.h */,
				BF936D9413E63DBC008968A3 /* Leak.m */,
			);
			name = Models;
			sourceTree = "<group>";
		};
/* End PBXGroup section */

/* Begin PBXNativeTarget section */
		BF246D5213DD1BF000088198 /* WaterApp */ = {
			isa = PBXNativeTarget;
			buildConfigurationList = BF246D8A13DD1BF000088198 /* Build configuration list for PBXNativeTarget "WaterApp" */;
			buildPhases = (
				BF246D4F13DD1BF000088198 /* Sources */,
				BF246D5013DD1BF000088198 /* Frameworks */,
				BF246D5113DD1BF000088198 /* Resources */,
			);
			buildRules = (
			);
			dependencies = (
			);
			name = WaterApp;
			productName = WaterApp;
			productReference = BF246D5313DD1BF000088198 /* WaterApp.app */;
			productType = "com.apple.product-type.application";
		};
		BF246D7613DD1BF000088198 /* WaterAppTests */ = {
			isa = PBXNativeTarget;
			buildConfigurationList = BF246D8D13DD1BF000088198 /* Build configuration list for PBXNativeTarget "WaterAppTests" */;
			buildPhases = (
				BF246D7213DD1BF000088198 /* Sources */,
				BF246D7313DD1BF000088198 /* Frameworks */,
				BF246D7413DD1BF000088198 /* Resources */,
				BF246D7513DD1BF000088198 /* ShellScript */,
			);
			buildRules = (
			);
			dependencies = (
				BF246D7C13DD1BF000088198 /* PBXTargetDependency */,
			);
			name = WaterAppTests;
			productName = WaterAppTests;
			productReference = BF246D7713DD1BF000088198 /* WaterAppTests.octest */;
			productType = "com.apple.product-type.bundle";
		};
/* End PBXNativeTarget section */

/* Begin PBXProject section */
		BF246D4A13DD1BF000088198 /* Project object */ = {
			isa = PBXProject;
			attributes = {
				ORGANIZATIONNAME = Rototutor;
			};
			buildConfigurationList = BF246D4D13DD1BF000088198 /* Build configuration list for PBXProject "WaterApp" */;
			compatibilityVersion = "Xcode 3.2";
			developmentRegion = English;
			hasScannedForEncodings = 0;
			knownRegions = (
				en,
			);
			mainGroup = BF246D4813DD1BF000088198;
			productRefGroup = BF246D5413DD1BF000088198 /* Products */;
			projectDirPath = "";
			projectRoot = "";
			targets = (
				BF246D5213DD1BF000088198 /* WaterApp */,
				BF246D7613DD1BF000088198 /* WaterAppTests */,
			);
		};
/* End PBXProject section */

/* Begin PBXResourcesBuildPhase section */
		BF246D5113DD1BF000088198 /* Resources */ = {
			isa = PBXResourcesBuildPhase;
			buildActionMask = 2147483647;
			files = (
				BF246D6213DD1BF000088198 /* InfoPlist.strings in Resources */,
				BF246D6B13DD1BF000088198 /* MainWindow.xib in Resources */,
				BF246D7113DD1BF000088198 /* RootView.xib in Resources */,
			);
			runOnlyForDeploymentPostprocessing = 0;
		};
		BF246D7413DD1BF000088198 /* Resources */ = {
			isa = PBXResourcesBuildPhase;
			buildActionMask = 2147483647;
			files = (
				BF246D8213DD1BF000088198 /* InfoPlist.strings in Resources */,
				BF246D8513DD1BF000088198 /* WaterAppTests.h in Resources */,
			);
			runOnlyForDeploymentPostprocessing = 0;
		};
/* End PBXResourcesBuildPhase section */

/* Begin PBXShellScriptBuildPhase section */
		BF246D7513DD1BF000088198 /* ShellScript */ = {
			isa = PBXShellScriptBuildPhase;
			buildActionMask = 2147483647;
			files = (
			);
			inputPaths = (
			);
			outputPaths = (
			);
			runOnlyForDeploymentPostprocessing = 0;
			shellPath = /bin/sh;
			shellScript = "# Run the unit tests in this test bundle.\n\"${SYSTEM_DEVELOPER_DIR}/Tools/RunUnitTests\"\n";
		};
/* End PBXShellScriptBuildPhase section */

/* Begin PBXSourcesBuildPhase section */
		BF246D4F13DD1BF000088198 /* Sources */ = {
			isa = PBXSourcesBuildPhase;
			buildActionMask = 2147483647;
			files = (
				BF246D6513DD1BF000088198 /* main.m in Sources */,
				BF246D6813DD1BF000088198 /* WaterAppAppDelegate.m in Sources */,
				BF246D6E13DD1BF000088198 /* RootViewController.m in Sources */,
				BF936D9513E63DBC008968A3 /* Leak.m in Sources */,
			);
			runOnlyForDeploymentPostprocessing = 0;
		};
		BF246D7213DD1BF000088198 /* Sources */ = {
			isa = PBXSourcesBuildPhase;
			buildActionMask = 2147483647;
			files = (
				BF246D8713DD1BF000088198 /* WaterAppTests.m in Sources */,
				BF936D9613E63DBC008968A3 /* Leak.m in Sources */,
			);
			runOnlyForDeploymentPostprocessing = 0;
		};
/* End PBXSourcesBuildPhase section */

/* Begin PBXTargetDependency section */
		BF246D7C13DD1BF000088198 /* PBXTargetDependency */ = {
			isa = PBXTargetDependency;
			target = BF246D5213DD1BF000088198 /* WaterApp */;
			targetProxy = BF246D7B13DD1BF000088198 /* PBXContainerItemProxy */;
		};
/* End PBXTargetDependency section */

/* Begin PBXVariantGroup section */
		BF246D6013DD1BF000088198 /* InfoPlist.strings */ = {
			isa = PBXVariantGroup;
			children = (
				BF246D6113DD1BF000088198 /* en */,
			);
			name = InfoPlist.strings;
			sourceTree = "<group>";
		};
		BF246D6913DD1BF000088198 /* MainWindow.xib */ = {
			isa = PBXVariantGroup;
			children = (
				BF246D6A13DD1BF000088198 /* en */,
			);
			name = MainWindow.xib;
			sourceTree = "<group>";
		};
		BF246D6F13DD1BF000088198 /* RootView.xib */ = {
			isa = PBXVariantGroup;
			children = (
				BF246D7013DD1BF000088198 /* en */,
			);
			name = RootView.xib;
			sourceTree = "<group>";
		};
		BF246D8013DD1BF000088198 /* InfoPlist.strings */ = {
			isa = PBXVariantGroup;
			children = (
				BF246D8113DD1BF000088198 /* en */,
			);
			name = InfoPlist.strings;
			sourceTree = "<group>";
		};
/* End PBXVariantGroup section */

/* Begin XCBuildConfiguration section */
		BF246D8813DD1BF000088198 /* Debug */ = {
			isa = XCBuildConfiguration;
			buildSettings = {
				ARCHS = "$(ARCHS_STANDARD_32_BIT)";
				"CODE_SIGN_IDENTITY[sdk=iphoneos*]" = "iPhone Developer";
				GCC_C_LANGUAGE_STANDARD = gnu99;
				GCC_OPTIMIZATION_LEVEL = 0;
				GCC_PREPROCESSOR_DEFINITIONS = DEBUG;
				GCC_SYMBOLS_PRIVATE_EXTERN = NO;
				GCC_VERSION = com.apple.compilers.llvmgcc42;
				GCC_WARN_ABOUT_RETURN_TYPE = YES;
				GCC_WARN_UNUSED_VARIABLE = YES;
				IPHONEOS_DEPLOYMENT_TARGET = 4.3;
				SDKROOT = iphoneos;
			};
			name = Debug;
		};
		BF246D8913DD1BF000088198 /* Release */ = {
			isa = XCBuildConfiguration;
			buildSettings = {
				ARCHS = "$(ARCHS_STANDARD_32_BIT)";
				"CODE_SIGN_IDENTITY[sdk=iphoneos*]" = "iPhone Developer";
				GCC_C_LANGUAGE_STANDARD = gnu99;
				GCC_VERSION = com.apple.compilers.llvmgcc42;
				GCC_WARN_ABOUT_RETURN_TYPE = YES;
				GCC_WARN_UNUSED_VARIABLE = YES;
				IPHONEOS_DEPLOYMENT_TARGET = 4.3;
				OTHER_CFLAGS = "-DNS_BLOCK_ASSERTIONS=1";
				SDKROOT = iphoneos;
			};
			name = Release;
		};
		BF246D8B13DD1BF000088198 /* Debug */ = {
			isa = XCBuildConfiguration;
			buildSettings = {
				ALWAYS_SEARCH_USER_PATHS = NO;
				COPY_PHASE_STRIP = NO;
				GCC_DYNAMIC_NO_PIC = NO;
				GCC_PRECOMPILE_PREFIX_HEADER = YES;
				GCC_PREFIX_HEADER = "WaterApp/WaterApp-Prefix.pch";
				INFOPLIST_FILE = "WaterApp/WaterApp-Info.plist";
				PRODUCT_NAME = "$(TARGET_NAME)";
				WRAPPER_EXTENSION = app;
			};
			name = Debug;
		};
		BF246D8C13DD1BF000088198 /* Release */ = {
			isa = XCBuildConfiguration;
			buildSettings = {
				ALWAYS_SEARCH_USER_PATHS = NO;
				COPY_PHASE_STRIP = YES;
				GCC_PRECOMPILE_PREFIX_HEADER = YES;
				GCC_PREFIX_HEADER = "WaterApp/WaterApp-Prefix.pch";
				INFOPLIST_FILE = "WaterApp/WaterApp-Info.plist";
				PRODUCT_NAME = "$(TARGET_NAME)";
				VALIDATE_PRODUCT = YES;
				WRAPPER_EXTENSION = app;
			};
			name = Release;
		};
		BF246D8E13DD1BF000088198 /* Debug */ = {
			isa = XCBuildConfiguration;
			buildSettings = {
				ALWAYS_SEARCH_USER_PATHS = NO;
				BUNDLE_LOADER = "$(BUILT_PRODUCTS_DIR)/WaterApp.app/WaterApp";
				FRAMEWORK_SEARCH_PATHS = (
					"$(SDKROOT)/Developer/Library/Frameworks",
					"$(DEVELOPER_LIBRARY_DIR)/Frameworks",
				);
				GCC_PRECOMPILE_PREFIX_HEADER = YES;
				GCC_PREFIX_HEADER = "WaterAppTests/WaterAppTests-Prefix.pch";
				INFOPLIST_FILE = "WaterAppTests/WaterAppTests-Info.plist";
				OTHER_LDFLAGS = (
					"-framework",
					SenTestingKit,
				);
				PRODUCT_NAME = "$(TARGET_NAME)";
				TEST_HOST = "$(BUNDLE_LOADER)";
				WRAPPER_EXTENSION = octest;
			};
			name = Debug;
		};
		BF246D8F13DD1BF000088198 /* Release */ = {
			isa = XCBuildConfiguration;
			buildSettings = {
				ALWAYS_SEARCH_USER_PATHS = NO;
				BUNDLE_LOADER = "$(BUILT_PRODUCTS_DIR)/WaterApp.app/WaterApp";
				FRAMEWORK_SEARCH_PATHS = (
					"$(SDKROOT)/Developer/Library/Frameworks",
					"$(DEVELOPER_LIBRARY_DIR)/Frameworks",
				);
				GCC_PRECOMPILE_PREFIX_HEADER = YES;
				GCC_PREFIX_HEADER = "WaterAppTests/WaterAppTests-Prefix.pch";
				INFOPLIST_FILE = "WaterAppTests/WaterAppTests-Info.plist";
				OTHER_LDFLAGS = (
					"-framework",
					SenTestingKit,
				);
				PRODUCT_NAME = "$(TARGET_NAME)";
				TEST_HOST = "$(BUNDLE_LOADER)";
				WRAPPER_EXTENSION = octest;
			};
			name = Release;
		};
/* End XCBuildConfiguration section */

/* Begin XCConfigurationList section */
		BF246D4D13DD1BF000088198 /* Build configuration list for PBXProject "WaterApp" */ = {
			isa = XCConfigurationList;
			buildConfigurations = (
				BF246D8813DD1BF000088198 /* Debug */,
				BF246D8913DD1BF000088198 /* Release */,
			);
			defaultConfigurationIsVisible = 0;
			defaultConfigurationName = Release;
		};
		BF246D8A13DD1BF000088198 /* Build configuration list for PBXNativeTarget "WaterApp" */ = {
			isa = XCConfigurationList;
			buildConfigurations = (
				BF246D8B13DD1BF000088198 /* Debug */,
				BF246D8C13DD1BF000088198 /* Release */,
			);
			defaultConfigurationIsVisible = 0;
			defaultConfigurationName = Release;
		};
		BF246D8D13DD1BF000088198 /* Build configuration list for PBXNativeTarget "WaterAppTests" */ = {
			isa = XCConfigurationList;
			buildConfigurations = (
				BF246D8E13DD1BF000088198 /* Debug */,
				BF246D8F13DD1BF000088198 /* Release */,
			);
			defaultConfigurationIsVisible = 0;
			defaultConfigurationName = Release;
		};
/* End XCConfigurationList section */
	};
	rootObject = BF246D4A13DD1BF000088198 /* Project object */;
}
