// !$*UTF8*$!
{
	archiveVersion = 1;
	classes = {
	};
	objectVersion = 46;
	objects = {

/* Begin PBXBuildFile section */
		8A9870401421320800F0E2BD /* UIKit.framework in Frameworks */ = {isa = PBXBuildFile; fileRef = 8A98703F1421320800F0E2BD /* UIKit.framework */; };
		8A9870421421320800F0E2BD /* Foundation.framework in Frameworks */ = {isa = PBXBuildFile; fileRef = 8A9870411421320800F0E2BD /* Foundation.framework */; };
		8A9870441421320800F0E2BD /* CoreGraphics.framework in Frameworks */ = {isa = PBXBuildFile; fileRef = 8A9870431421320800F0E2BD /* CoreGraphics.framework */; };
		8A98704A1421320800F0E2BD /* InfoPlist.strings in Resources */ = {isa = PBXBuildFile; fileRef = 8A9870481421320800F0E2BD /* InfoPlist.strings */; };
		8A98704C1421320800F0E2BD /* main.m in Sources */ = {isa = PBXBuildFile; fileRef = 8A98704B1421320800F0E2BD /* main.m */; };
		8A9870501421320800F0E2BD /* LeakAppAppDelegate.m in Sources */ = {isa = PBXBuildFile; fileRef = 8A98704F1421320800F0E2BD /* LeakAppAppDelegate.m */; };
		8A9870531421320800F0E2BD /* MainWindow.xib in Resources */ = {isa = PBXBuildFile; fileRef = 8A9870511421320800F0E2BD /* MainWindow.xib */; };
		8A9870561421320800F0E2BD /* RootViewController.m in Sources */ = {isa = PBXBuildFile; fileRef = 8A9870551421320800F0E2BD /* RootViewController.m */; };
		8A9870671421325500F0E2BD /* Request.m in Sources */ = {isa = PBXBuildFile; fileRef = 8A9870661421325500F0E2BD /* Request.m */; };
		8A98706E1421325C00F0E2BD /* Leak.m in Sources */ = {isa = PBXBuildFile; fileRef = 8A9870691421325C00F0E2BD /* Leak.m */; };
		8A98706F1421325C00F0E2BD /* LeakType.m in Sources */ = {isa = PBXBuildFile; fileRef = 8A98706B1421325C00F0E2BD /* LeakType.m */; };
		8A9870701421325C00F0E2BD /* LeakManager.m in Sources */ = {isa = PBXBuildFile; fileRef = 8A98706D1421325C00F0E2BD /* LeakManager.m */; };
		8A9870741421329E00F0E2BD /* LeakCreationTableViewController.m in Sources */ = {isa = PBXBuildFile; fileRef = 8A9870721421329E00F0E2BD /* LeakCreationTableViewController.m */; };
		8A9870751421329E00F0E2BD /* LeakCreationTableView.xib in Resources */ = {isa = PBXBuildFile; fileRef = 8A9870731421329E00F0E2BD /* LeakCreationTableView.xib */; };
/* End PBXBuildFile section */

/* Begin PBXFileReference section */
		8A98703B1421320800F0E2BD /* LeakApp.app */ = {isa = PBXFileReference; explicitFileType = wrapper.application; includeInIndex = 0; path = LeakApp.app; sourceTree = BUILT_PRODUCTS_DIR; };
		8A98703F1421320800F0E2BD /* UIKit.framework */ = {isa = PBXFileReference; lastKnownFileType = wrapper.framework; name = UIKit.framework; path = System/Library/Frameworks/UIKit.framework; sourceTree = SDKROOT; };
		8A9870411421320800F0E2BD /* Foundation.framework */ = {isa = PBXFileReference; lastKnownFileType = wrapper.framework; name = Foundation.framework; path = System/Library/Frameworks/Foundation.framework; sourceTree = SDKROOT; };
		8A9870431421320800F0E2BD /* CoreGraphics.framework */ = {isa = PBXFileReference; lastKnownFileType = wrapper.framework; name = CoreGraphics.framework; path = System/Library/Frameworks/CoreGraphics.framework; sourceTree = SDKROOT; };
		8A9870471421320800F0E2BD /* LeakApp-Info.plist */ = {isa = PBXFileReference; lastKnownFileType = text.plist.xml; path = "LeakApp-Info.plist"; sourceTree = "<group>"; };
		8A9870491421320800F0E2BD /* en */ = {isa = PBXFileReference; lastKnownFileType = text.plist.strings; name = en; path = en.lproj/InfoPlist.strings; sourceTree = "<group>"; };
		8A98704B1421320800F0E2BD /* main.m */ = {isa = PBXFileReference; lastKnownFileType = sourcecode.c.objc; path = main.m; sourceTree = "<group>"; };
		8A98704D1421320800F0E2BD /* LeakApp-Prefix.pch */ = {isa = PBXFileReference; lastKnownFileType = sourcecode.c.h; path = "LeakApp-Prefix.pch"; sourceTree = "<group>"; };
		8A98704E1421320800F0E2BD /* LeakAppAppDelegate.h */ = {isa = PBXFileReference; lastKnownFileType = sourcecode.c.h; path = LeakAppAppDelegate.h; sourceTree = "<group>"; };
		8A98704F1421320800F0E2BD /* LeakAppAppDelegate.m */ = {isa = PBXFileReference; lastKnownFileType = sourcecode.c.objc; path = LeakAppAppDelegate.m; sourceTree = "<group>"; };
		8A9870521421320800F0E2BD /* en */ = {isa = PBXFileReference; lastKnownFileType = file.xib; name = en; path = en.lproj/MainWindow.xib; sourceTree = "<group>"; };
		8A9870541421320800F0E2BD /* RootViewController.h */ = {isa = PBXFileReference; lastKnownFileType = sourcecode.c.h; path = RootViewController.h; sourceTree = "<group>"; };
		8A9870551421320800F0E2BD /* RootViewController.m */ = {isa = PBXFileReference; lastKnownFileType = sourcecode.c.objc; path = RootViewController.m; sourceTree = "<group>"; };
		8A9870651421325500F0E2BD /* Request.h */ = {isa = PBXFileReference; fileEncoding = 4; lastKnownFileType = sourcecode.c.h; path = Request.h; sourceTree = "<group>"; };
		8A9870661421325500F0E2BD /* Request.m */ = {isa = PBXFileReference; fileEncoding = 4; lastKnownFileType = sourcecode.c.objc; path = Request.m; sourceTree = "<group>"; };
		8A9870681421325C00F0E2BD /* Leak.h */ = {isa = PBXFileReference; fileEncoding = 4; lastKnownFileType = sourcecode.c.h; path = Leak.h; sourceTree = "<group>"; };
		8A9870691421325C00F0E2BD /* Leak.m */ = {isa = PBXFileReference; fileEncoding = 4; lastKnownFileType = sourcecode.c.objc; path = Leak.m; sourceTree = "<group>"; };
		8A98706A1421325C00F0E2BD /* LeakType.h */ = {isa = PBXFileReference; fileEncoding = 4; lastKnownFileType = sourcecode.c.h; path = LeakType.h; sourceTree = "<group>"; };
		8A98706B1421325C00F0E2BD /* LeakType.m */ = {isa = PBXFileReference; fileEncoding = 4; lastKnownFileType = sourcecode.c.objc; path = LeakType.m; sourceTree = "<group>"; };
		8A98706C1421325C00F0E2BD /* LeakManager.h */ = {isa = PBXFileReference; fileEncoding = 4; lastKnownFileType = sourcecode.c.h; path = LeakManager.h; sourceTree = "<group>"; };
		8A98706D1421325C00F0E2BD /* LeakManager.m */ = {isa = PBXFileReference; fileEncoding = 4; lastKnownFileType = sourcecode.c.objc; path = LeakManager.m; sourceTree = "<group>"; };
		8A9870711421329E00F0E2BD /* LeakCreationTableViewController.h */ = {isa = PBXFileReference; fileEncoding = 4; lastKnownFileType = sourcecode.c.h; path = LeakCreationTableViewController.h; sourceTree = "<group>"; };
		8A9870721421329E00F0E2BD /* LeakCreationTableViewController.m */ = {isa = PBXFileReference; fileEncoding = 4; lastKnownFileType = sourcecode.c.objc; path = LeakCreationTableViewController.m; sourceTree = "<group>"; };
		8A9870731421329E00F0E2BD /* LeakCreationTableView.xib */ = {isa = PBXFileReference; fileEncoding = 4; lastKnownFileType = file.xib; path = LeakCreationTableView.xib; sourceTree = "<group>"; };
		8A9870761421334B00F0E2BD /* LeakCreationDelegate.h */ = {isa = PBXFileReference; fileEncoding = 4; lastKnownFileType = sourcecode.c.h; path = LeakCreationDelegate.h; sourceTree = "<group>"; };
/* End PBXFileReference section */

/* Begin PBXFrameworksBuildPhase section */
		8A9870381421320800F0E2BD /* Frameworks */ = {
			isa = PBXFrameworksBuildPhase;
			buildActionMask = 2147483647;
			files = (
				8A9870401421320800F0E2BD /* UIKit.framework in Frameworks */,
				8A9870421421320800F0E2BD /* Foundation.framework in Frameworks */,
				8A9870441421320800F0E2BD /* CoreGraphics.framework in Frameworks */,
			);
			runOnlyForDeploymentPostprocessing = 0;
		};
/* End PBXFrameworksBuildPhase section */

/* Begin PBXGroup section */
		8A9870301421320800F0E2BD = {
			isa = PBXGroup;
			children = (
				8A9870451421320800F0E2BD /* LeakApp */,
				8A98703E1421320800F0E2BD /* Frameworks */,
				8A98703C1421320800F0E2BD /* Products */,
			);
			sourceTree = "<group>";
		};
		8A98703C1421320800F0E2BD /* Products */ = {
			isa = PBXGroup;
			children = (
				8A98703B1421320800F0E2BD /* LeakApp.app */,
			);
			name = Products;
			sourceTree = "<group>";
		};
		8A98703E1421320800F0E2BD /* Frameworks */ = {
			isa = PBXGroup;
			children = (
				8A98703F1421320800F0E2BD /* UIKit.framework */,
				8A9870411421320800F0E2BD /* Foundation.framework */,
				8A9870431421320800F0E2BD /* CoreGraphics.framework */,
			);
			name = Frameworks;
			sourceTree = "<group>";
		};
		8A9870451421320800F0E2BD /* LeakApp */ = {
			isa = PBXGroup;
			children = (
				8A9870641421324400F0E2BD /* Models */,
				8A9870631421323E00F0E2BD /* Server */,
				8A98704E1421320800F0E2BD /* LeakAppAppDelegate.h */,
				8A98704F1421320800F0E2BD /* LeakAppAppDelegate.m */,
				8A9870511421320800F0E2BD /* MainWindow.xib */,
				8A9870541421320800F0E2BD /* RootViewController.h */,
				8A9870551421320800F0E2BD /* RootViewController.m */,
				8A9870461421320800F0E2BD /* Supporting Files */,
				8A9870711421329E00F0E2BD /* LeakCreationTableViewController.h */,
				8A9870721421329E00F0E2BD /* LeakCreationTableViewController.m */,
				8A9870731421329E00F0E2BD /* LeakCreationTableView.xib */,
				8A9870761421334B00F0E2BD /* LeakCreationDelegate.h */,
			);
			path = LeakApp;
			sourceTree = "<group>";
		};
		8A9870461421320800F0E2BD /* Supporting Files */ = {
			isa = PBXGroup;
			children = (
				8A9870471421320800F0E2BD /* LeakApp-Info.plist */,
				8A9870481421320800F0E2BD /* InfoPlist.strings */,
				8A98704B1421320800F0E2BD /* main.m */,
				8A98704D1421320800F0E2BD /* LeakApp-Prefix.pch */,
			);
			name = "Supporting Files";
			sourceTree = "<group>";
		};
		8A9870631421323E00F0E2BD /* Server */ = {
			isa = PBXGroup;
			children = (
				8A9870651421325500F0E2BD /* Request.h */,
				8A9870661421325500F0E2BD /* Request.m */,
			);
			name = Server;
			sourceTree = "<group>";
		};
		8A9870641421324400F0E2BD /* Models */ = {
			isa = PBXGroup;
			children = (
				8A9870681421325C00F0E2BD /* Leak.h */,
				8A9870691421325C00F0E2BD /* Leak.m */,
				8A98706A1421325C00F0E2BD /* LeakType.h */,
				8A98706B1421325C00F0E2BD /* LeakType.m */,
				8A98706C1421325C00F0E2BD /* LeakManager.h */,
				8A98706D1421325C00F0E2BD /* LeakManager.m */,
			);
			name = Models;
			sourceTree = "<group>";
		};
/* End PBXGroup section */

/* Begin PBXNativeTarget section */
		8A98703A1421320800F0E2BD /* LeakApp */ = {
			isa = PBXNativeTarget;
			buildConfigurationList = 8A98705C1421320800F0E2BD /* Build configuration list for PBXNativeTarget "LeakApp" */;
			buildPhases = (
				8A9870371421320800F0E2BD /* Sources */,
				8A9870381421320800F0E2BD /* Frameworks */,
				8A9870391421320800F0E2BD /* Resources */,
			);
			buildRules = (
			);
			dependencies = (
			);
			name = LeakApp;
			productName = LeakApp;
			productReference = 8A98703B1421320800F0E2BD /* LeakApp.app */;
			productType = "com.apple.product-type.application";
		};
/* End PBXNativeTarget section */

/* Begin PBXProject section */
		8A9870321421320800F0E2BD /* Project object */ = {
			isa = PBXProject;
			buildConfigurationList = 8A9870351421320800F0E2BD /* Build configuration list for PBXProject "LeakApp" */;
			compatibilityVersion = "Xcode 3.2";
			developmentRegion = English;
			hasScannedForEncodings = 0;
			knownRegions = (
				en,
			);
			mainGroup = 8A9870301421320800F0E2BD;
			productRefGroup = 8A98703C1421320800F0E2BD /* Products */;
			projectDirPath = "";
			projectRoot = "";
			targets = (
				8A98703A1421320800F0E2BD /* LeakApp */,
			);
		};
/* End PBXProject section */

/* Begin PBXResourcesBuildPhase section */
		8A9870391421320800F0E2BD /* Resources */ = {
			isa = PBXResourcesBuildPhase;
			buildActionMask = 2147483647;
			files = (
				8A98704A1421320800F0E2BD /* InfoPlist.strings in Resources */,
				8A9870531421320800F0E2BD /* MainWindow.xib in Resources */,
				8A9870751421329E00F0E2BD /* LeakCreationTableView.xib in Resources */,
			);
			runOnlyForDeploymentPostprocessing = 0;
		};
/* End PBXResourcesBuildPhase section */

/* Begin PBXSourcesBuildPhase section */
		8A9870371421320800F0E2BD /* Sources */ = {
			isa = PBXSourcesBuildPhase;
			buildActionMask = 2147483647;
			files = (
				8A98704C1421320800F0E2BD /* main.m in Sources */,
				8A9870501421320800F0E2BD /* LeakAppAppDelegate.m in Sources */,
				8A9870561421320800F0E2BD /* RootViewController.m in Sources */,
				8A9870671421325500F0E2BD /* Request.m in Sources */,
				8A98706E1421325C00F0E2BD /* Leak.m in Sources */,
				8A98706F1421325C00F0E2BD /* LeakType.m in Sources */,
				8A9870701421325C00F0E2BD /* LeakManager.m in Sources */,
				8A9870741421329E00F0E2BD /* LeakCreationTableViewController.m in Sources */,
			);
			runOnlyForDeploymentPostprocessing = 0;
		};
/* End PBXSourcesBuildPhase section */

/* Begin PBXVariantGroup section */
		8A9870481421320800F0E2BD /* InfoPlist.strings */ = {
			isa = PBXVariantGroup;
			children = (
				8A9870491421320800F0E2BD /* en */,
			);
			name = InfoPlist.strings;
			sourceTree = "<group>";
		};
		8A9870511421320800F0E2BD /* MainWindow.xib */ = {
			isa = PBXVariantGroup;
			children = (
				8A9870521421320800F0E2BD /* en */,
			);
			name = MainWindow.xib;
			sourceTree = "<group>";
		};
/* End PBXVariantGroup section */

/* Begin XCBuildConfiguration section */
		8A98705A1421320800F0E2BD /* Debug */ = {
			isa = XCBuildConfiguration;
			buildSettings = {
				ALWAYS_SEARCH_USER_PATHS = NO;
				ARCHS = "$(ARCHS_STANDARD_32_BIT)";
				"CODE_SIGN_IDENTITY[sdk=iphoneos*]" = "iPhone Developer";
				COPY_PHASE_STRIP = NO;
				GCC_C_LANGUAGE_STANDARD = gnu99;
				GCC_DYNAMIC_NO_PIC = NO;
				GCC_OPTIMIZATION_LEVEL = 0;
				GCC_PREPROCESSOR_DEFINITIONS = (
					"DEBUG=1",
					"$(inherited)",
				);
				GCC_SYMBOLS_PRIVATE_EXTERN = NO;
				GCC_VERSION = com.apple.compilers.llvmgcc42;
				GCC_WARN_ABOUT_MISSING_PROTOTYPES = YES;
				GCC_WARN_ABOUT_RETURN_TYPE = YES;
				GCC_WARN_UNUSED_VARIABLE = YES;
				IPHONEOS_DEPLOYMENT_TARGET = 4.3;
				SDKROOT = iphoneos;
			};
			name = Debug;
		};
		8A98705B1421320800F0E2BD /* Release */ = {
			isa = XCBuildConfiguration;
			buildSettings = {
				ALWAYS_SEARCH_USER_PATHS = NO;
				ARCHS = "$(ARCHS_STANDARD_32_BIT)";
				"CODE_SIGN_IDENTITY[sdk=iphoneos*]" = "iPhone Developer";
				COPY_PHASE_STRIP = YES;
				GCC_C_LANGUAGE_STANDARD = gnu99;
				GCC_VERSION = com.apple.compilers.llvmgcc42;
				GCC_WARN_ABOUT_MISSING_PROTOTYPES = YES;
				GCC_WARN_ABOUT_RETURN_TYPE = YES;
				GCC_WARN_UNUSED_VARIABLE = YES;
				IPHONEOS_DEPLOYMENT_TARGET = 4.3;
				OTHER_CFLAGS = "-DNS_BLOCK_ASSERTIONS=1";
				SDKROOT = iphoneos;
				VALIDATE_PRODUCT = YES;
			};
			name = Release;
		};
		8A98705D1421320800F0E2BD /* Debug */ = {
			isa = XCBuildConfiguration;
			buildSettings = {
				GCC_PRECOMPILE_PREFIX_HEADER = YES;
				GCC_PREFIX_HEADER = "LeakApp/LeakApp-Prefix.pch";
				INFOPLIST_FILE = "LeakApp/LeakApp-Info.plist";
				PRODUCT_NAME = "$(TARGET_NAME)";
				WRAPPER_EXTENSION = app;
			};
			name = Debug;
		};
		8A98705E1421320800F0E2BD /* Release */ = {
			isa = XCBuildConfiguration;
			buildSettings = {
				GCC_PRECOMPILE_PREFIX_HEADER = YES;
				GCC_PREFIX_HEADER = "LeakApp/LeakApp-Prefix.pch";
				INFOPLIST_FILE = "LeakApp/LeakApp-Info.plist";
				PRODUCT_NAME = "$(TARGET_NAME)";
				WRAPPER_EXTENSION = app;
			};
			name = Release;
		};
/* End XCBuildConfiguration section */

/* Begin XCConfigurationList section */
		8A9870351421320800F0E2BD /* Build configuration list for PBXProject "LeakApp" */ = {
			isa = XCConfigurationList;
			buildConfigurations = (
				8A98705A1421320800F0E2BD /* Debug */,
				8A98705B1421320800F0E2BD /* Release */,
			);
			defaultConfigurationIsVisible = 0;
			defaultConfigurationName = Release;
		};
		8A98705C1421320800F0E2BD /* Build configuration list for PBXNativeTarget "LeakApp" */ = {
			isa = XCConfigurationList;
			buildConfigurations = (
				8A98705D1421320800F0E2BD /* Debug */,
				8A98705E1421320800F0E2BD /* Release */,
			);
			defaultConfigurationIsVisible = 0;
		};
/* End XCConfigurationList section */
	};
	rootObject = 8A9870321421320800F0E2BD /* Project object */;
}
