// !$*UTF8*$!
{
	archiveVersion = 1;
	classes = {
	};
	objectVersion = 46;
	objects = {

/* Begin PBXBuildFile section */
		8A43C684148069C2001975BD /* ASIAuthenticationDialog.m in Sources */ = {isa = PBXBuildFile; fileRef = 8A43C671148069C2001975BD /* ASIAuthenticationDialog.m */; };
		8A43C685148069C2001975BD /* ASIDataCompressor.m in Sources */ = {isa = PBXBuildFile; fileRef = 8A43C674148069C2001975BD /* ASIDataCompressor.m */; };
		8A43C686148069C2001975BD /* ASIDataDecompressor.m in Sources */ = {isa = PBXBuildFile; fileRef = 8A43C676148069C2001975BD /* ASIDataDecompressor.m */; };
		8A43C687148069C2001975BD /* ASIDownloadCache.m in Sources */ = {isa = PBXBuildFile; fileRef = 8A43C678148069C2001975BD /* ASIDownloadCache.m */; };
		8A43C688148069C2001975BD /* ASIFormDataRequest.m in Sources */ = {isa = PBXBuildFile; fileRef = 8A43C67A148069C2001975BD /* ASIFormDataRequest.m */; };
		8A43C689148069C2001975BD /* ASIHTTPRequest.m in Sources */ = {isa = PBXBuildFile; fileRef = 8A43C67C148069C2001975BD /* ASIHTTPRequest.m */; };
		8A43C68A148069C2001975BD /* ASIInputStream.m in Sources */ = {isa = PBXBuildFile; fileRef = 8A43C680148069C2001975BD /* ASIInputStream.m */; };
		8A43C68B148069C2001975BD /* ASINetworkQueue.m in Sources */ = {isa = PBXBuildFile; fileRef = 8A43C682148069C2001975BD /* ASINetworkQueue.m */; };
		8A43C68E148069CE001975BD /* Reachability.m in Sources */ = {isa = PBXBuildFile; fileRef = 8A43C68D148069CE001975BD /* Reachability.m */; };
		8A43C69014806A04001975BD /* SystemConfiguration.framework in Frameworks */ = {isa = PBXBuildFile; fileRef = 8A43C68F14806A04001975BD /* SystemConfiguration.framework */; };
		8A43C69214806A0C001975BD /* MobileCoreServices.framework in Frameworks */ = {isa = PBXBuildFile; fileRef = 8A43C69114806A0C001975BD /* MobileCoreServices.framework */; };
		8A43C69514806A22001975BD /* libz.dylib in Frameworks */ = {isa = PBXBuildFile; fileRef = 8A43C69414806A22001975BD /* libz.dylib */; };
		8A43C69714806AC3001975BD /* CFNetwork.framework in Frameworks */ = {isa = PBXBuildFile; fileRef = 8A43C69614806AC3001975BD /* CFNetwork.framework */; };
		8A6D4C6C14228A8B0047D02D /* CoreLocation.framework in Frameworks */ = {isa = PBXBuildFile; fileRef = 8A6D4C6B14228A8B0047D02D /* CoreLocation.framework */; };
		8A6D4C7D1422A2EA0047D02D /* Pin.png in Resources */ = {isa = PBXBuildFile; fileRef = 8A6D4C771422A2E90047D02D /* Pin.png */; };
		8A6D4C7E1422A2EA0047D02D /* PinDown1.png in Resources */ = {isa = PBXBuildFile; fileRef = 8A6D4C781422A2E90047D02D /* PinDown1.png */; };
		8A6D4C7F1422A2EA0047D02D /* PinDown2.png in Resources */ = {isa = PBXBuildFile; fileRef = 8A6D4C791422A2E90047D02D /* PinDown2.png */; };
		8A6D4C801422A2EA0047D02D /* PinDown3.png in Resources */ = {isa = PBXBuildFile; fileRef = 8A6D4C7A1422A2E90047D02D /* PinDown3.png */; };
		8A6D4C811422A2EA0047D02D /* PinFloating.png in Resources */ = {isa = PBXBuildFile; fileRef = 8A6D4C7B1422A2E90047D02D /* PinFloating.png */; };
		8A6D4C821422A2EA0047D02D /* PinShadow.png in Resources */ = {isa = PBXBuildFile; fileRef = 8A6D4C7C1422A2E90047D02D /* PinShadow.png */; };
		8A6D4C851422A4450047D02D /* QuartzCore.framework in Frameworks */ = {isa = PBXBuildFile; fileRef = 8A6D4C841422A4450047D02D /* QuartzCore.framework */; };
		8A6D4C8A1422AA390047D02D /* DDAnnotation.m in Sources */ = {isa = PBXBuildFile; fileRef = 8A6D4C871422AA390047D02D /* DDAnnotation.m */; };
		8A6D4C8B1422AA390047D02D /* DDAnnotationView.m in Sources */ = {isa = PBXBuildFile; fileRef = 8A6D4C891422AA390047D02D /* DDAnnotationView.m */; };
		8A6D4C8F1422BA7F0047D02D /* LeakCreationInfoViewController.m in Sources */ = {isa = PBXBuildFile; fileRef = 8A6D4C8D1422BA7F0047D02D /* LeakCreationInfoViewController.m */; };
		8A6D4C901422BA7F0047D02D /* LeakCreationInfoViewController.xib in Resources */ = {isa = PBXBuildFile; fileRef = 8A6D4C8E1422BA7F0047D02D /* LeakCreationInfoViewController.xib */; };
		8A6D4C941422BBC40047D02D /* MapViewController.m in Sources */ = {isa = PBXBuildFile; fileRef = 8A6D4C921422BBC40047D02D /* MapViewController.m */; };
		8A6D4C951422BBC40047D02D /* MapViewController.xib in Resources */ = {isa = PBXBuildFile; fileRef = 8A6D4C931422BBC40047D02D /* MapViewController.xib */; };
		8A6D4C9D1423B4150047D02D /* Background0.png in Resources */ = {isa = PBXBuildFile; fileRef = 8A6D4C971423B4150047D02D /* Background0.png */; };
		8A6D4C9E1423B4150047D02D /* Background1.png in Resources */ = {isa = PBXBuildFile; fileRef = 8A6D4C981423B4150047D02D /* Background1.png */; };
		8A6D4C9F1423B4150047D02D /* Background2.png in Resources */ = {isa = PBXBuildFile; fileRef = 8A6D4C991423B4150047D02D /* Background2.png */; };
		8A6D4CA01423B4150047D02D /* Background3.png in Resources */ = {isa = PBXBuildFile; fileRef = 8A6D4C9A1423B4150047D02D /* Background3.png */; };
		8A6D4CA11423B4150047D02D /* Background4.png in Resources */ = {isa = PBXBuildFile; fileRef = 8A6D4C9B1423B4150047D02D /* Background4.png */; };
		8A6D4CA21423B4150047D02D /* Background5.png in Resources */ = {isa = PBXBuildFile; fileRef = 8A6D4C9C1423B4150047D02D /* Background5.png */; };
		8A8D015D144CF21900670EC9 /* LoadingViewController.m in Sources */ = {isa = PBXBuildFile; fileRef = 8A8D015B144CF21900670EC9 /* LoadingViewController.m */; };
		8A8D015E144CF21900670EC9 /* LoadingViewController.xib in Resources */ = {isa = PBXBuildFile; fileRef = 8A8D015C144CF21900670EC9 /* LoadingViewController.xib */; };
		8A8D0179144CFC5A00670EC9 /* NSObject+SBJson.m in Sources */ = {isa = PBXBuildFile; fileRef = 8A8D0161144CFC5800670EC9 /* NSObject+SBJson.m */; };
		8A8D017A144CFC5A00670EC9 /* SBJsonParser.m in Sources */ = {isa = PBXBuildFile; fileRef = 8A8D0164144CFC5800670EC9 /* SBJsonParser.m */; };
		8A8D017B144CFC5A00670EC9 /* SBJsonStreamParser.m in Sources */ = {isa = PBXBuildFile; fileRef = 8A8D0166144CFC5800670EC9 /* SBJsonStreamParser.m */; };
		8A8D017C144CFC5A00670EC9 /* SBJsonStreamParserAccumulator.m in Sources */ = {isa = PBXBuildFile; fileRef = 8A8D0168144CFC5800670EC9 /* SBJsonStreamParserAccumulator.m */; };
		8A8D017D144CFC5A00670EC9 /* SBJsonStreamParserAdapter.m in Sources */ = {isa = PBXBuildFile; fileRef = 8A8D016A144CFC5900670EC9 /* SBJsonStreamParserAdapter.m */; };
		8A8D017E144CFC5A00670EC9 /* SBJsonStreamParserState.m in Sources */ = {isa = PBXBuildFile; fileRef = 8A8D016C144CFC5900670EC9 /* SBJsonStreamParserState.m */; };
		8A8D017F144CFC5A00670EC9 /* SBJsonStreamWriter.m in Sources */ = {isa = PBXBuildFile; fileRef = 8A8D016E144CFC5900670EC9 /* SBJsonStreamWriter.m */; };
		8A8D0180144CFC5A00670EC9 /* SBJsonStreamWriterAccumulator.m in Sources */ = {isa = PBXBuildFile; fileRef = 8A8D0170144CFC5900670EC9 /* SBJsonStreamWriterAccumulator.m */; };
		8A8D0181144CFC5A00670EC9 /* SBJsonStreamWriterState.m in Sources */ = {isa = PBXBuildFile; fileRef = 8A8D0172144CFC5900670EC9 /* SBJsonStreamWriterState.m */; };
		8A8D0182144CFC5A00670EC9 /* SBJsonTokeniser.m in Sources */ = {isa = PBXBuildFile; fileRef = 8A8D0174144CFC5900670EC9 /* SBJsonTokeniser.m */; };
		8A8D0183144CFC5A00670EC9 /* SBJsonUTF8Stream.m in Sources */ = {isa = PBXBuildFile; fileRef = 8A8D0176144CFC5900670EC9 /* SBJsonUTF8Stream.m */; };
		8A8D0184144CFC5A00670EC9 /* SBJsonWriter.m in Sources */ = {isa = PBXBuildFile; fileRef = 8A8D0178144CFC5A00670EC9 /* SBJsonWriter.m */; };
		8A9870401421320800F0E2BD /* UIKit.framework in Frameworks */ = {isa = PBXBuildFile; fileRef = 8A98703F1421320800F0E2BD /* UIKit.framework */; };
		8A9870421421320800F0E2BD /* Foundation.framework in Frameworks */ = {isa = PBXBuildFile; fileRef = 8A9870411421320800F0E2BD /* Foundation.framework */; };
		8A9870441421320800F0E2BD /* CoreGraphics.framework in Frameworks */ = {isa = PBXBuildFile; fileRef = 8A9870431421320800F0E2BD /* CoreGraphics.framework */; };
		8A98704A1421320800F0E2BD /* InfoPlist.strings in Resources */ = {isa = PBXBuildFile; fileRef = 8A9870481421320800F0E2BD /* InfoPlist.strings */; };
		8A98704C1421320800F0E2BD /* main.m in Sources */ = {isa = PBXBuildFile; fileRef = 8A98704B1421320800F0E2BD /* main.m */; };
		8A9870501421320800F0E2BD /* LeakAppAppDelegate.m in Sources */ = {isa = PBXBuildFile; fileRef = 8A98704F1421320800F0E2BD /* LeakAppAppDelegate.m */; };
		8A9870531421320800F0E2BD /* MainWindow.xib in Resources */ = {isa = PBXBuildFile; fileRef = 8A9870511421320800F0E2BD /* MainWindow.xib */; };
		8A9870561421320800F0E2BD /* RootViewController.m in Sources */ = {isa = PBXBuildFile; fileRef = 8A9870551421320800F0E2BD /* RootViewController.m */; };
		8A9870671421325500F0E2BD /* Request.m in Sources */ = {isa = PBXBuildFile; fileRef = 8A9870661421325500F0E2BD /* Request.m */; };
		8A98706E1421325C00F0E2BD /* Leak.m in Sources */ = {isa = PBXBuildFile; fileRef = 8A9870691421325C00F0E2BD /* Leak.m */; };
		8A98706F1421325C00F0E2BD /* LeakType.m in Sources */ = {isa = PBXBuildFile; fileRef = 8A98706B1421325C00F0E2BD /* LeakType.m */; };
		8A9870701421325C00F0E2BD /* LeakManager.m in Sources */ = {isa = PBXBuildFile; fileRef = 8A98706D1421325C00F0E2BD /* LeakManager.m */; };
		8A9870741421329E00F0E2BD /* LeakCreationTableViewController.m in Sources */ = {isa = PBXBuildFile; fileRef = 8A9870721421329E00F0E2BD /* LeakCreationTableViewController.m */; };
		8A9870751421329E00F0E2BD /* LeakCreationTableView.xib in Resources */ = {isa = PBXBuildFile; fileRef = 8A9870731421329E00F0E2BD /* LeakCreationTableView.xib */; };
		8AA4F91F14228171007163D4 /* MapKit.framework in Frameworks */ = {isa = PBXBuildFile; fileRef = 8AA4F91E14228171007163D4 /* MapKit.framework */; };
/* End PBXBuildFile section */

/* Begin PBXFileReference section */
		8A43C670148069C2001975BD /* ASIAuthenticationDialog.h */ = {isa = PBXFileReference; fileEncoding = 4; lastKnownFileType = sourcecode.c.h; path = ASIAuthenticationDialog.h; sourceTree = "<group>"; };
		8A43C671148069C2001975BD /* ASIAuthenticationDialog.m */ = {isa = PBXFileReference; fileEncoding = 4; lastKnownFileType = sourcecode.c.objc; path = ASIAuthenticationDialog.m; sourceTree = "<group>"; };
		8A43C672148069C2001975BD /* ASICacheDelegate.h */ = {isa = PBXFileReference; fileEncoding = 4; lastKnownFileType = sourcecode.c.h; path = ASICacheDelegate.h; sourceTree = "<group>"; };
		8A43C673148069C2001975BD /* ASIDataCompressor.h */ = {isa = PBXFileReference; fileEncoding = 4; lastKnownFileType = sourcecode.c.h; path = ASIDataCompressor.h; sourceTree = "<group>"; };
		8A43C674148069C2001975BD /* ASIDataCompressor.m */ = {isa = PBXFileReference; fileEncoding = 4; lastKnownFileType = sourcecode.c.objc; path = ASIDataCompressor.m; sourceTree = "<group>"; };
		8A43C675148069C2001975BD /* ASIDataDecompressor.h */ = {isa = PBXFileReference; fileEncoding = 4; lastKnownFileType = sourcecode.c.h; path = ASIDataDecompressor.h; sourceTree = "<group>"; };
		8A43C676148069C2001975BD /* ASIDataDecompressor.m */ = {isa = PBXFileReference; fileEncoding = 4; lastKnownFileType = sourcecode.c.objc; path = ASIDataDecompressor.m; sourceTree = "<group>"; };
		8A43C677148069C2001975BD /* ASIDownloadCache.h */ = {isa = PBXFileReference; fileEncoding = 4; lastKnownFileType = sourcecode.c.h; path = ASIDownloadCache.h; sourceTree = "<group>"; };
		8A43C678148069C2001975BD /* ASIDownloadCache.m */ = {isa = PBXFileReference; fileEncoding = 4; lastKnownFileType = sourcecode.c.objc; path = ASIDownloadCache.m; sourceTree = "<group>"; };
		8A43C679148069C2001975BD /* ASIFormDataRequest.h */ = {isa = PBXFileReference; fileEncoding = 4; lastKnownFileType = sourcecode.c.h; path = ASIFormDataRequest.h; sourceTree = "<group>"; };
		8A43C67A148069C2001975BD /* ASIFormDataRequest.m */ = {isa = PBXFileReference; fileEncoding = 4; lastKnownFileType = sourcecode.c.objc; path = ASIFormDataRequest.m; sourceTree = "<group>"; };
		8A43C67B148069C2001975BD /* ASIHTTPRequest.h */ = {isa = PBXFileReference; fileEncoding = 4; lastKnownFileType = sourcecode.c.h; path = ASIHTTPRequest.h; sourceTree = "<group>"; };
		8A43C67C148069C2001975BD /* ASIHTTPRequest.m */ = {isa = PBXFileReference; fileEncoding = 4; lastKnownFileType = sourcecode.c.objc; path = ASIHTTPRequest.m; sourceTree = "<group>"; };
		8A43C67D148069C2001975BD /* ASIHTTPRequestConfig.h */ = {isa = PBXFileReference; fileEncoding = 4; lastKnownFileType = sourcecode.c.h; path = ASIHTTPRequestConfig.h; sourceTree = "<group>"; };
		8A43C67E148069C2001975BD /* ASIHTTPRequestDelegate.h */ = {isa = PBXFileReference; fileEncoding = 4; lastKnownFileType = sourcecode.c.h; path = ASIHTTPRequestDelegate.h; sourceTree = "<group>"; };
		8A43C67F148069C2001975BD /* ASIInputStream.h */ = {isa = PBXFileReference; fileEncoding = 4; lastKnownFileType = sourcecode.c.h; path = ASIInputStream.h; sourceTree = "<group>"; };
		8A43C680148069C2001975BD /* ASIInputStream.m */ = {isa = PBXFileReference; fileEncoding = 4; lastKnownFileType = sourcecode.c.objc; path = ASIInputStream.m; sourceTree = "<group>"; };
		8A43C681148069C2001975BD /* ASINetworkQueue.h */ = {isa = PBXFileReference; fileEncoding = 4; lastKnownFileType = sourcecode.c.h; path = ASINetworkQueue.h; sourceTree = "<group>"; };
		8A43C682148069C2001975BD /* ASINetworkQueue.m */ = {isa = PBXFileReference; fileEncoding = 4; lastKnownFileType = sourcecode.c.objc; path = ASINetworkQueue.m; sourceTree = "<group>"; };
		8A43C683148069C2001975BD /* ASIProgressDelegate.h */ = {isa = PBXFileReference; fileEncoding = 4; lastKnownFileType = sourcecode.c.h; path = ASIProgressDelegate.h; sourceTree = "<group>"; };
		8A43C68C148069CE001975BD /* Reachability.h */ = {isa = PBXFileReference; fileEncoding = 4; lastKnownFileType = sourcecode.c.h; path = Reachability.h; sourceTree = "<group>"; };
		8A43C68D148069CE001975BD /* Reachability.m */ = {isa = PBXFileReference; fileEncoding = 4; lastKnownFileType = sourcecode.c.objc; path = Reachability.m; sourceTree = "<group>"; };
		8A43C68F14806A04001975BD /* SystemConfiguration.framework */ = {isa = PBXFileReference; lastKnownFileType = wrapper.framework; name = SystemConfiguration.framework; path = System/Library/Frameworks/SystemConfiguration.framework; sourceTree = SDKROOT; };
		8A43C69114806A0C001975BD /* MobileCoreServices.framework */ = {isa = PBXFileReference; lastKnownFileType = wrapper.framework; name = MobileCoreServices.framework; path = System/Library/Frameworks/MobileCoreServices.framework; sourceTree = SDKROOT; };
		8A43C69314806A16001975BD /* CoreGraphics.framework */ = {isa = PBXFileReference; lastKnownFileType = wrapper.framework; name = CoreGraphics.framework; path = System/Library/Frameworks/CoreGraphics.framework; sourceTree = SDKROOT; };
		8A43C69414806A22001975BD /* libz.dylib */ = {isa = PBXFileReference; lastKnownFileType = "compiled.mach-o.dylib"; name = libz.dylib; path = usr/lib/libz.dylib; sourceTree = SDKROOT; };
		8A43C69614806AC3001975BD /* CFNetwork.framework */ = {isa = PBXFileReference; lastKnownFileType = wrapper.framework; name = CFNetwork.framework; path = System/Library/Frameworks/CFNetwork.framework; sourceTree = SDKROOT; };
		8A6D4C6B14228A8B0047D02D /* CoreLocation.framework */ = {isa = PBXFileReference; lastKnownFileType = wrapper.framework; name = CoreLocation.framework; path = System/Library/Frameworks/CoreLocation.framework; sourceTree = SDKROOT; };
		8A6D4C771422A2E90047D02D /* Pin.png */ = {isa = PBXFileReference; lastKnownFileType = image.png; name = Pin.png; path = "../../../../Downloads/digdog-MapKitDragAndDrop-fe8441a/Pin.png"; sourceTree = "<group>"; };
		8A6D4C781422A2E90047D02D /* PinDown1.png */ = {isa = PBXFileReference; lastKnownFileType = image.png; name = PinDown1.png; path = "../../../../Downloads/digdog-MapKitDragAndDrop-fe8441a/PinDown1.png"; sourceTree = "<group>"; };
		8A6D4C791422A2E90047D02D /* PinDown2.png */ = {isa = PBXFileReference; lastKnownFileType = image.png; name = PinDown2.png; path = "../../../../Downloads/digdog-MapKitDragAndDrop-fe8441a/PinDown2.png"; sourceTree = "<group>"; };
		8A6D4C7A1422A2E90047D02D /* PinDown3.png */ = {isa = PBXFileReference; lastKnownFileType = image.png; name = PinDown3.png; path = "../../../../Downloads/digdog-MapKitDragAndDrop-fe8441a/PinDown3.png"; sourceTree = "<group>"; };
		8A6D4C7B1422A2E90047D02D /* PinFloating.png */ = {isa = PBXFileReference; lastKnownFileType = image.png; name = PinFloating.png; path = "../../../../Downloads/digdog-MapKitDragAndDrop-fe8441a/PinFloating.png"; sourceTree = "<group>"; };
		8A6D4C7C1422A2E90047D02D /* PinShadow.png */ = {isa = PBXFileReference; lastKnownFileType = image.png; name = PinShadow.png; path = "../../../../Downloads/digdog-MapKitDragAndDrop-fe8441a/PinShadow.png"; sourceTree = "<group>"; };
		8A6D4C841422A4450047D02D /* QuartzCore.framework */ = {isa = PBXFileReference; lastKnownFileType = wrapper.framework; name = QuartzCore.framework; path = System/Library/Frameworks/QuartzCore.framework; sourceTree = SDKROOT; };
		8A6D4C861422AA390047D02D /* DDAnnotation.h */ = {isa = PBXFileReference; fileEncoding = 4; lastKnownFileType = sourcecode.c.h; path = DDAnnotation.h; sourceTree = "<group>"; };
		8A6D4C871422AA390047D02D /* DDAnnotation.m */ = {isa = PBXFileReference; fileEncoding = 4; lastKnownFileType = sourcecode.c.objc; path = DDAnnotation.m; sourceTree = "<group>"; };
		8A6D4C881422AA390047D02D /* DDAnnotationView.h */ = {isa = PBXFileReference; fileEncoding = 4; lastKnownFileType = sourcecode.c.h; path = DDAnnotationView.h; sourceTree = "<group>"; };
		8A6D4C891422AA390047D02D /* DDAnnotationView.m */ = {isa = PBXFileReference; fileEncoding = 4; lastKnownFileType = sourcecode.c.objc; path = DDAnnotationView.m; sourceTree = "<group>"; };
		8A6D4C8C1422BA7F0047D02D /* LeakCreationInfoViewController.h */ = {isa = PBXFileReference; fileEncoding = 4; lastKnownFileType = sourcecode.c.h; path = LeakCreationInfoViewController.h; sourceTree = "<group>"; };
		8A6D4C8D1422BA7F0047D02D /* LeakCreationInfoViewController.m */ = {isa = PBXFileReference; fileEncoding = 4; lastKnownFileType = sourcecode.c.objc; path = LeakCreationInfoViewController.m; sourceTree = "<group>"; };
		8A6D4C8E1422BA7F0047D02D /* LeakCreationInfoViewController.xib */ = {isa = PBXFileReference; fileEncoding = 4; lastKnownFileType = file.xib; path = LeakCreationInfoViewController.xib; sourceTree = "<group>"; };
		8A6D4C911422BBC40047D02D /* MapViewController.h */ = {isa = PBXFileReference; fileEncoding = 4; lastKnownFileType = sourcecode.c.h; path = MapViewController.h; sourceTree = "<group>"; };
		8A6D4C921422BBC40047D02D /* MapViewController.m */ = {isa = PBXFileReference; fileEncoding = 4; lastKnownFileType = sourcecode.c.objc; path = MapViewController.m; sourceTree = "<group>"; };
		8A6D4C931422BBC40047D02D /* MapViewController.xib */ = {isa = PBXFileReference; fileEncoding = 4; lastKnownFileType = file.xib; path = MapViewController.xib; sourceTree = "<group>"; };
		8A6D4C971423B4150047D02D /* Background0.png */ = {isa = PBXFileReference; lastKnownFileType = image.png; name = Background0.png; path = Assets/Background0.png; sourceTree = "<group>"; };
		8A6D4C981423B4150047D02D /* Background1.png */ = {isa = PBXFileReference; lastKnownFileType = image.png; name = Background1.png; path = Assets/Background1.png; sourceTree = "<group>"; };
		8A6D4C991423B4150047D02D /* Background2.png */ = {isa = PBXFileReference; lastKnownFileType = image.png; name = Background2.png; path = Assets/Background2.png; sourceTree = "<group>"; };
		8A6D4C9A1423B4150047D02D /* Background3.png */ = {isa = PBXFileReference; lastKnownFileType = image.png; name = Background3.png; path = Assets/Background3.png; sourceTree = "<group>"; };
		8A6D4C9B1423B4150047D02D /* Background4.png */ = {isa = PBXFileReference; lastKnownFileType = image.png; name = Background4.png; path = Assets/Background4.png; sourceTree = "<group>"; };
		8A6D4C9C1423B4150047D02D /* Background5.png */ = {isa = PBXFileReference; lastKnownFileType = image.png; name = Background5.png; path = Assets/Background5.png; sourceTree = "<group>"; };
		8A6D4CA31423BC4F0047D02D /* CoreGraphics.framework */ = {isa = PBXFileReference; lastKnownFileType = wrapper.framework; name = CoreGraphics.framework; path = System/Library/Frameworks/CoreGraphics.framework; sourceTree = SDKROOT; };
		8A8D015A144CF21900670EC9 /* LoadingViewController.h */ = {isa = PBXFileReference; fileEncoding = 4; lastKnownFileType = sourcecode.c.h; path = LoadingViewController.h; sourceTree = "<group>"; };
		8A8D015B144CF21900670EC9 /* LoadingViewController.m */ = {isa = PBXFileReference; fileEncoding = 4; lastKnownFileType = sourcecode.c.objc; path = LoadingViewController.m; sourceTree = "<group>"; };
		8A8D015C144CF21900670EC9 /* LoadingViewController.xib */ = {isa = PBXFileReference; fileEncoding = 4; lastKnownFileType = file.xib; path = LoadingViewController.xib; sourceTree = "<group>"; };
		8A8D0160144CFC5800670EC9 /* NSObject+SBJson.h */ = {isa = PBXFileReference; fileEncoding = 4; lastKnownFileType = sourcecode.c.h; path = "NSObject+SBJson.h"; sourceTree = "<group>"; };
		8A8D0161144CFC5800670EC9 /* NSObject+SBJson.m */ = {isa = PBXFileReference; fileEncoding = 4; lastKnownFileType = sourcecode.c.objc; path = "NSObject+SBJson.m"; sourceTree = "<group>"; };
		8A8D0162144CFC5800670EC9 /* SBJson.h */ = {isa = PBXFileReference; fileEncoding = 4; lastKnownFileType = sourcecode.c.h; path = SBJson.h; sourceTree = "<group>"; };
		8A8D0163144CFC5800670EC9 /* SBJsonParser.h */ = {isa = PBXFileReference; fileEncoding = 4; lastKnownFileType = sourcecode.c.h; path = SBJsonParser.h; sourceTree = "<group>"; };
		8A8D0164144CFC5800670EC9 /* SBJsonParser.m */ = {isa = PBXFileReference; fileEncoding = 4; lastKnownFileType = sourcecode.c.objc; path = SBJsonParser.m; sourceTree = "<group>"; };
		8A8D0165144CFC5800670EC9 /* SBJsonStreamParser.h */ = {isa = PBXFileReference; fileEncoding = 4; lastKnownFileType = sourcecode.c.h; path = SBJsonStreamParser.h; sourceTree = "<group>"; };
		8A8D0166144CFC5800670EC9 /* SBJsonStreamParser.m */ = {isa = PBXFileReference; fileEncoding = 4; lastKnownFileType = sourcecode.c.objc; path = SBJsonStreamParser.m; sourceTree = "<group>"; };
		8A8D0167144CFC5800670EC9 /* SBJsonStreamParserAccumulator.h */ = {isa = PBXFileReference; fileEncoding = 4; lastKnownFileType = sourcecode.c.h; path = SBJsonStreamParserAccumulator.h; sourceTree = "<group>"; };
		8A8D0168144CFC5800670EC9 /* SBJsonStreamParserAccumulator.m */ = {isa = PBXFileReference; fileEncoding = 4; lastKnownFileType = sourcecode.c.objc; path = SBJsonStreamParserAccumulator.m; sourceTree = "<group>"; };
		8A8D0169144CFC5800670EC9 /* SBJsonStreamParserAdapter.h */ = {isa = PBXFileReference; fileEncoding = 4; lastKnownFileType = sourcecode.c.h; path = SBJsonStreamParserAdapter.h; sourceTree = "<group>"; };
		8A8D016A144CFC5900670EC9 /* SBJsonStreamParserAdapter.m */ = {isa = PBXFileReference; fileEncoding = 4; lastKnownFileType = sourcecode.c.objc; path = SBJsonStreamParserAdapter.m; sourceTree = "<group>"; };
		8A8D016B144CFC5900670EC9 /* SBJsonStreamParserState.h */ = {isa = PBXFileReference; fileEncoding = 4; lastKnownFileType = sourcecode.c.h; path = SBJsonStreamParserState.h; sourceTree = "<group>"; };
		8A8D016C144CFC5900670EC9 /* SBJsonStreamParserState.m */ = {isa = PBXFileReference; fileEncoding = 4; lastKnownFileType = sourcecode.c.objc; path = SBJsonStreamParserState.m; sourceTree = "<group>"; };
		8A8D016D144CFC5900670EC9 /* SBJsonStreamWriter.h */ = {isa = PBXFileReference; fileEncoding = 4; lastKnownFileType = sourcecode.c.h; path = SBJsonStreamWriter.h; sourceTree = "<group>"; };
		8A8D016E144CFC5900670EC9 /* SBJsonStreamWriter.m */ = {isa = PBXFileReference; fileEncoding = 4; lastKnownFileType = sourcecode.c.objc; path = SBJsonStreamWriter.m; sourceTree = "<group>"; };
		8A8D016F144CFC5900670EC9 /* SBJsonStreamWriterAccumulator.h */ = {isa = PBXFileReference; fileEncoding = 4; lastKnownFileType = sourcecode.c.h; path = SBJsonStreamWriterAccumulator.h; sourceTree = "<group>"; };
		8A8D0170144CFC5900670EC9 /* SBJsonStreamWriterAccumulator.m */ = {isa = PBXFileReference; fileEncoding = 4; lastKnownFileType = sourcecode.c.objc; path = SBJsonStreamWriterAccumulator.m; sourceTree = "<group>"; };
		8A8D0171144CFC5900670EC9 /* SBJsonStreamWriterState.h */ = {isa = PBXFileReference; fileEncoding = 4; lastKnownFileType = sourcecode.c.h; path = SBJsonStreamWriterState.h; sourceTree = "<group>"; };
		8A8D0172144CFC5900670EC9 /* SBJsonStreamWriterState.m */ = {isa = PBXFileReference; fileEncoding = 4; lastKnownFileType = sourcecode.c.objc; path = SBJsonStreamWriterState.m; sourceTree = "<group>"; };
		8A8D0173144CFC5900670EC9 /* SBJsonTokeniser.h */ = {isa = PBXFileReference; fileEncoding = 4; lastKnownFileType = sourcecode.c.h; path = SBJsonTokeniser.h; sourceTree = "<group>"; };
		8A8D0174144CFC5900670EC9 /* SBJsonTokeniser.m */ = {isa = PBXFileReference; fileEncoding = 4; lastKnownFileType = sourcecode.c.objc; path = SBJsonTokeniser.m; sourceTree = "<group>"; };
		8A8D0175144CFC5900670EC9 /* SBJsonUTF8Stream.h */ = {isa = PBXFileReference; fileEncoding = 4; lastKnownFileType = sourcecode.c.h; path = SBJsonUTF8Stream.h; sourceTree = "<group>"; };
		8A8D0176144CFC5900670EC9 /* SBJsonUTF8Stream.m */ = {isa = PBXFileReference; fileEncoding = 4; lastKnownFileType = sourcecode.c.objc; path = SBJsonUTF8Stream.m; sourceTree = "<group>"; };
		8A8D0177144CFC5A00670EC9 /* SBJsonWriter.h */ = {isa = PBXFileReference; fileEncoding = 4; lastKnownFileType = sourcecode.c.h; path = SBJsonWriter.h; sourceTree = "<group>"; };
		8A8D0178144CFC5A00670EC9 /* SBJsonWriter.m */ = {isa = PBXFileReference; fileEncoding = 4; lastKnownFileType = sourcecode.c.objc; path = SBJsonWriter.m; sourceTree = "<group>"; };
		8A98703B1421320800F0E2BD /* LeakApp.app */ = {isa = PBXFileReference; explicitFileType = wrapper.application; includeInIndex = 0; path = LeakApp.app; sourceTree = BUILT_PRODUCTS_DIR; };
		8A98703F1421320800F0E2BD /* UIKit.framework */ = {isa = PBXFileReference; lastKnownFileType = wrapper.framework; name = UIKit.framework; path = System/Library/Frameworks/UIKit.framework; sourceTree = SDKROOT; };
		8A9870411421320800F0E2BD /* Foundation.framework */ = {isa = PBXFileReference; lastKnownFileType = wrapper.framework; name = Foundation.framework; path = System/Library/Frameworks/Foundation.framework; sourceTree = SDKROOT; };
		8A9870431421320800F0E2BD /* CoreGraphics.framework */ = {isa = PBXFileReference; lastKnownFileType = wrapper.framework; name = CoreGraphics.framework; path = System/Library/Frameworks/CoreGraphics.framework; sourceTree = SDKROOT; };
		8A9870471421320800F0E2BD /* LeakApp-Info.plist */ = {isa = PBXFileReference; lastKnownFileType = text.plist.xml; path = "LeakApp-Info.plist"; sourceTree = "<group>"; };
		8A9870491421320800F0E2BD /* en */ = {isa = PBXFileReference; lastKnownFileType = text.plist.strings; name = en; path = en.lproj/InfoPlist.strings; sourceTree = "<group>"; };
		8A98704B1421320800F0E2BD /* main.m */ = {isa = PBXFileReference; lastKnownFileType = sourcecode.c.objc; path = main.m; sourceTree = "<group>"; };
		8A98704D1421320800F0E2BD /* LeakApp-Prefix.pch */ = {isa = PBXFileReference; lastKnownFileType = sourcecode.c.h; path = "LeakApp-Prefix.pch"; sourceTree = "<group>"; };
		8A98704E1421320800F0E2BD /* LeakAppAppDelegate.h */ = {isa = PBXFileReference; lastKnownFileType = sourcecode.c.h; path = LeakAppAppDelegate.h; sourceTree = "<group>"; };
		8A98704F1421320800F0E2BD /* LeakAppAppDelegate.m */ = {isa = PBXFileReference; lastKnownFileType = sourcecode.c.objc; path = LeakAppAppDelegate.m; sourceTree = "<group>"; };
		8A9870521421320800F0E2BD /* en */ = {isa = PBXFileReference; lastKnownFileType = file.xib; name = en; path = en.lproj/MainWindow.xib; sourceTree = "<group>"; };
		8A9870541421320800F0E2BD /* RootViewController.h */ = {isa = PBXFileReference; lastKnownFileType = sourcecode.c.h; path = RootViewController.h; sourceTree = "<group>"; };
		8A9870551421320800F0E2BD /* RootViewController.m */ = {isa = PBXFileReference; lastKnownFileType = sourcecode.c.objc; path = RootViewController.m; sourceTree = "<group>"; };
		8A9870651421325500F0E2BD /* Request.h */ = {isa = PBXFileReference; fileEncoding = 4; lastKnownFileType = sourcecode.c.h; path = Request.h; sourceTree = "<group>"; };
		8A9870661421325500F0E2BD /* Request.m */ = {isa = PBXFileReference; fileEncoding = 4; lastKnownFileType = sourcecode.c.objc; path = Request.m; sourceTree = "<group>"; };
		8A9870681421325C00F0E2BD /* Leak.h */ = {isa = PBXFileReference; fileEncoding = 4; lastKnownFileType = sourcecode.c.h; path = Leak.h; sourceTree = "<group>"; };
		8A9870691421325C00F0E2BD /* Leak.m */ = {isa = PBXFileReference; fileEncoding = 4; lastKnownFileType = sourcecode.c.objc; path = Leak.m; sourceTree = "<group>"; };
		8A98706A1421325C00F0E2BD /* LeakType.h */ = {isa = PBXFileReference; fileEncoding = 4; lastKnownFileType = sourcecode.c.h; path = LeakType.h; sourceTree = "<group>"; };
		8A98706B1421325C00F0E2BD /* LeakType.m */ = {isa = PBXFileReference; fileEncoding = 4; lastKnownFileType = sourcecode.c.objc; path = LeakType.m; sourceTree = "<group>"; };
		8A98706C1421325C00F0E2BD /* LeakManager.h */ = {isa = PBXFileReference; fileEncoding = 4; lastKnownFileType = sourcecode.c.h; path = LeakManager.h; sourceTree = "<group>"; };
		8A98706D1421325C00F0E2BD /* LeakManager.m */ = {isa = PBXFileReference; fileEncoding = 4; lastKnownFileType = sourcecode.c.objc; path = LeakManager.m; sourceTree = "<group>"; };
		8A9870711421329E00F0E2BD /* LeakCreationTableViewController.h */ = {isa = PBXFileReference; fileEncoding = 4; lastKnownFileType = sourcecode.c.h; path = LeakCreationTableViewController.h; sourceTree = "<group>"; };
		8A9870721421329E00F0E2BD /* LeakCreationTableViewController.m */ = {isa = PBXFileReference; fileEncoding = 4; lastKnownFileType = sourcecode.c.objc; path = LeakCreationTableViewController.m; sourceTree = "<group>"; };
		8A9870731421329E00F0E2BD /* LeakCreationTableView.xib */ = {isa = PBXFileReference; fileEncoding = 4; lastKnownFileType = file.xib; path = LeakCreationTableView.xib; sourceTree = "<group>"; };
		8A9870761421334B00F0E2BD /* LeakCreationDelegate.h */ = {isa = PBXFileReference; fileEncoding = 4; lastKnownFileType = sourcecode.c.h; path = LeakCreationDelegate.h; sourceTree = "<group>"; };
		8AA4F91E14228171007163D4 /* MapKit.framework */ = {isa = PBXFileReference; lastKnownFileType = wrapper.framework; name = MapKit.framework; path = System/Library/Frameworks/MapKit.framework; sourceTree = SDKROOT; };
/* End PBXFileReference section */

/* Begin PBXFrameworksBuildPhase section */
		8A9870381421320800F0E2BD /* Frameworks */ = {
			isa = PBXFrameworksBuildPhase;
			buildActionMask = 2147483647;
			files = (
				8A43C69714806AC3001975BD /* CFNetwork.framework in Frameworks */,
				8A43C69514806A22001975BD /* libz.dylib in Frameworks */,
				8A9870441421320800F0E2BD /* CoreGraphics.framework in Frameworks */,
				8A43C69214806A0C001975BD /* MobileCoreServices.framework in Frameworks */,
				8A43C69014806A04001975BD /* SystemConfiguration.framework in Frameworks */,
				8A6D4C851422A4450047D02D /* QuartzCore.framework in Frameworks */,
				8A6D4C6C14228A8B0047D02D /* CoreLocation.framework in Frameworks */,
				8AA4F91F14228171007163D4 /* MapKit.framework in Frameworks */,
				8A9870401421320800F0E2BD /* UIKit.framework in Frameworks */,
				8A9870421421320800F0E2BD /* Foundation.framework in Frameworks */,
			);
			runOnlyForDeploymentPostprocessing = 0;
		};
/* End PBXFrameworksBuildPhase section */

/* Begin PBXGroup section */
		8A43C66E148069A0001975BD /* ASIHTTPRequest */ = {
			isa = PBXGroup;
			children = (
				8A43C68C148069CE001975BD /* Reachability.h */,
				8A43C68D148069CE001975BD /* Reachability.m */,
				8A43C670148069C2001975BD /* ASIAuthenticationDialog.h */,
				8A43C671148069C2001975BD /* ASIAuthenticationDialog.m */,
				8A43C672148069C2001975BD /* ASICacheDelegate.h */,
				8A43C673148069C2001975BD /* ASIDataCompressor.h */,
				8A43C674148069C2001975BD /* ASIDataCompressor.m */,
				8A43C675148069C2001975BD /* ASIDataDecompressor.h */,
				8A43C676148069C2001975BD /* ASIDataDecompressor.m */,
				8A43C677148069C2001975BD /* ASIDownloadCache.h */,
				8A43C678148069C2001975BD /* ASIDownloadCache.m */,
				8A43C679148069C2001975BD /* ASIFormDataRequest.h */,
				8A43C67A148069C2001975BD /* ASIFormDataRequest.m */,
				8A43C67B148069C2001975BD /* ASIHTTPRequest.h */,
				8A43C67C148069C2001975BD /* ASIHTTPRequest.m */,
				8A43C67D148069C2001975BD /* ASIHTTPRequestConfig.h */,
				8A43C67E148069C2001975BD /* ASIHTTPRequestDelegate.h */,
				8A43C67F148069C2001975BD /* ASIInputStream.h */,
				8A43C680148069C2001975BD /* ASIInputStream.m */,
				8A43C681148069C2001975BD /* ASINetworkQueue.h */,
				8A43C682148069C2001975BD /* ASINetworkQueue.m */,
				8A43C683148069C2001975BD /* ASIProgressDelegate.h */,
			);
			name = ASIHTTPRequest;
			path = LeakApp;
			sourceTree = "<group>";
		};
		8A6D4C831422A2F50047D02D /* Media */ = {
			isa = PBXGroup;
			children = (
				8A6D4C961423B05F0047D02D /* Backgrounds */,
				8A6D4C771422A2E90047D02D /* Pin.png */,
				8A6D4C781422A2E90047D02D /* PinDown1.png */,
				8A6D4C791422A2E90047D02D /* PinDown2.png */,
				8A6D4C7A1422A2E90047D02D /* PinDown3.png */,
				8A6D4C7B1422A2E90047D02D /* PinFloating.png */,
				8A6D4C7C1422A2E90047D02D /* PinShadow.png */,
			);
			name = Media;
			sourceTree = "<group>";
		};
		8A6D4C961423B05F0047D02D /* Backgrounds */ = {
			isa = PBXGroup;
			children = (
				8A6D4C971423B4150047D02D /* Background0.png */,
				8A6D4C981423B4150047D02D /* Background1.png */,
				8A6D4C991423B4150047D02D /* Background2.png */,
				8A6D4C9A1423B4150047D02D /* Background3.png */,
				8A6D4C9B1423B4150047D02D /* Background4.png */,
				8A6D4C9C1423B4150047D02D /* Background5.png */,
			);
			name = Backgrounds;
			sourceTree = "<group>";
		};
		8A8D0185144CFC5F00670EC9 /* SBJSON */ = {
			isa = PBXGroup;
			children = (
				8A8D0160144CFC5800670EC9 /* NSObject+SBJson.h */,
				8A8D0161144CFC5800670EC9 /* NSObject+SBJson.m */,
				8A8D0162144CFC5800670EC9 /* SBJson.h */,
				8A8D0163144CFC5800670EC9 /* SBJsonParser.h */,
				8A8D0164144CFC5800670EC9 /* SBJsonParser.m */,
				8A8D0165144CFC5800670EC9 /* SBJsonStreamParser.h */,
				8A8D0166144CFC5800670EC9 /* SBJsonStreamParser.m */,
				8A8D0167144CFC5800670EC9 /* SBJsonStreamParserAccumulator.h */,
				8A8D0168144CFC5800670EC9 /* SBJsonStreamParserAccumulator.m */,
				8A8D0169144CFC5800670EC9 /* SBJsonStreamParserAdapter.h */,
				8A8D016A144CFC5900670EC9 /* SBJsonStreamParserAdapter.m */,
				8A8D016B144CFC5900670EC9 /* SBJsonStreamParserState.h */,
				8A8D016C144CFC5900670EC9 /* SBJsonStreamParserState.m */,
				8A8D016D144CFC5900670EC9 /* SBJsonStreamWriter.h */,
				8A8D016E144CFC5900670EC9 /* SBJsonStreamWriter.m */,
				8A8D016F144CFC5900670EC9 /* SBJsonStreamWriterAccumulator.h */,
				8A8D0170144CFC5900670EC9 /* SBJsonStreamWriterAccumulator.m */,
				8A8D0171144CFC5900670EC9 /* SBJsonStreamWriterState.h */,
				8A8D0172144CFC5900670EC9 /* SBJsonStreamWriterState.m */,
				8A8D0173144CFC5900670EC9 /* SBJsonTokeniser.h */,
				8A8D0174144CFC5900670EC9 /* SBJsonTokeniser.m */,
				8A8D0175144CFC5900670EC9 /* SBJsonUTF8Stream.h */,
				8A8D0176144CFC5900670EC9 /* SBJsonUTF8Stream.m */,
				8A8D0177144CFC5A00670EC9 /* SBJsonWriter.h */,
				8A8D0178144CFC5A00670EC9 /* SBJsonWriter.m */,
			);
			name = SBJSON;
			sourceTree = "<group>";
		};
		8A9870301421320800F0E2BD = {
			isa = PBXGroup;
			children = (
				8A43C69614806AC3001975BD /* CFNetwork.framework */,
				8A43C66E148069A0001975BD /* ASIHTTPRequest */,
				8A43C69414806A22001975BD /* libz.dylib */,
				8A43C69314806A16001975BD /* CoreGraphics.framework */,
				8A43C69114806A0C001975BD /* MobileCoreServices.framework */,
				8A43C68F14806A04001975BD /* SystemConfiguration.framework */,
				8A8D0185144CFC5F00670EC9 /* SBJSON */,
				8A6D4CA31423BC4F0047D02D /* CoreGraphics.framework */,
				8A6D4C841422A4450047D02D /* QuartzCore.framework */,
				8A6D4C6B14228A8B0047D02D /* CoreLocation.framework */,
				8AA4F91E14228171007163D4 /* MapKit.framework */,
				8A9870451421320800F0E2BD /* LeakApp */,
				8A98703E1421320800F0E2BD /* Frameworks */,
				8A98703C1421320800F0E2BD /* Products */,
			);
			sourceTree = "<group>";
		};
		8A98703C1421320800F0E2BD /* Products */ = {
			isa = PBXGroup;
			children = (
				8A98703B1421320800F0E2BD /* LeakApp.app */,
			);
			name = Products;
			sourceTree = "<group>";
		};
		8A98703E1421320800F0E2BD /* Frameworks */ = {
			isa = PBXGroup;
			children = (
				8A98703F1421320800F0E2BD /* UIKit.framework */,
				8A9870411421320800F0E2BD /* Foundation.framework */,
				8A9870431421320800F0E2BD /* CoreGraphics.framework */,
			);
			name = Frameworks;
			sourceTree = "<group>";
		};
		8A9870451421320800F0E2BD /* LeakApp */ = {
			isa = PBXGroup;
			children = (
				8A6D4C911422BBC40047D02D /* MapViewController.h */,
				8A6D4C921422BBC40047D02D /* MapViewController.m */,
				8A6D4C931422BBC40047D02D /* MapViewController.xib */,
				8A6D4C861422AA390047D02D /* DDAnnotation.h */,
				8A6D4C871422AA390047D02D /* DDAnnotation.m */,
				8A6D4C881422AA390047D02D /* DDAnnotationView.h */,
				8A6D4C891422AA390047D02D /* DDAnnotationView.m */,
				8A6D4C831422A2F50047D02D /* Media */,
				8A9870641421324400F0E2BD /* Models */,
				8A9870631421323E00F0E2BD /* Server */,
				8A98704E1421320800F0E2BD /* LeakAppAppDelegate.h */,
				8A98704F1421320800F0E2BD /* LeakAppAppDelegate.m */,
				8A9870511421320800F0E2BD /* MainWindow.xib */,
				8A9870541421320800F0E2BD /* RootViewController.h */,
				8A9870551421320800F0E2BD /* RootViewController.m */,
				8A8D015A144CF21900670EC9 /* LoadingViewController.h */,
				8A8D015B144CF21900670EC9 /* LoadingViewController.m */,
				8A8D015C144CF21900670EC9 /* LoadingViewController.xib */,
				8A9870461421320800F0E2BD /* Supporting Files */,
				8A9870711421329E00F0E2BD /* LeakCreationTableViewController.h */,
				8A9870721421329E00F0E2BD /* LeakCreationTableViewController.m */,
				8A9870731421329E00F0E2BD /* LeakCreationTableView.xib */,
				8A9870761421334B00F0E2BD /* LeakCreationDelegate.h */,
				8A6D4C8C1422BA7F0047D02D /* LeakCreationInfoViewController.h */,
				8A6D4C8D1422BA7F0047D02D /* LeakCreationInfoViewController.m */,
				8A6D4C8E1422BA7F0047D02D /* LeakCreationInfoViewController.xib */,
			);
			path = LeakApp;
			sourceTree = "<group>";
		};
		8A9870461421320800F0E2BD /* Supporting Files */ = {
			isa = PBXGroup;
			children = (
				8A9870471421320800F0E2BD /* LeakApp-Info.plist */,
				8A9870481421320800F0E2BD /* InfoPlist.strings */,
				8A98704B1421320800F0E2BD /* main.m */,
				8A98704D1421320800F0E2BD /* LeakApp-Prefix.pch */,
			);
			name = "Supporting Files";
			sourceTree = "<group>";
		};
		8A9870631421323E00F0E2BD /* Server */ = {
			isa = PBXGroup;
			children = (
				8A9870651421325500F0E2BD /* Request.h */,
				8A9870661421325500F0E2BD /* Request.m */,
			);
			name = Server;
			sourceTree = "<group>";
		};
		8A9870641421324400F0E2BD /* Models */ = {
			isa = PBXGroup;
			children = (
				8A9870681421325C00F0E2BD /* Leak.h */,
				8A9870691421325C00F0E2BD /* Leak.m */,
				8A98706A1421325C00F0E2BD /* LeakType.h */,
				8A98706B1421325C00F0E2BD /* LeakType.m */,
				8A98706C1421325C00F0E2BD /* LeakManager.h */,
				8A98706D1421325C00F0E2BD /* LeakManager.m */,
			);
			name = Models;
			sourceTree = "<group>";
		};
/* End PBXGroup section */

/* Begin PBXNativeTarget section */
		8A98703A1421320800F0E2BD /* LeakApp */ = {
			isa = PBXNativeTarget;
			buildConfigurationList = 8A98705C1421320800F0E2BD /* Build configuration list for PBXNativeTarget "LeakApp" */;
			buildPhases = (
				8A9870371421320800F0E2BD /* Sources */,
				8A9870381421320800F0E2BD /* Frameworks */,
				8A9870391421320800F0E2BD /* Resources */,
			);
			buildRules = (
			);
			dependencies = (
			);
			name = LeakApp;
			productName = LeakApp;
			productReference = 8A98703B1421320800F0E2BD /* LeakApp.app */;
			productType = "com.apple.product-type.application";
		};
/* End PBXNativeTarget section */

/* Begin PBXProject section */
		8A9870321421320800F0E2BD /* Project object */ = {
			isa = PBXProject;
			buildConfigurationList = 8A9870351421320800F0E2BD /* Build configuration list for PBXProject "LeakApp" */;
			compatibilityVersion = "Xcode 3.2";
			developmentRegion = English;
			hasScannedForEncodings = 0;
			knownRegions = (
				en,
			);
			mainGroup = 8A9870301421320800F0E2BD;
			productRefGroup = 8A98703C1421320800F0E2BD /* Products */;
			projectDirPath = "";
			projectRoot = "";
			targets = (
				8A98703A1421320800F0E2BD /* LeakApp */,
			);
		};
/* End PBXProject section */

/* Begin PBXResourcesBuildPhase section */
		8A9870391421320800F0E2BD /* Resources */ = {
			isa = PBXResourcesBuildPhase;
			buildActionMask = 2147483647;
			files = (
				8A98704A1421320800F0E2BD /* InfoPlist.strings in Resources */,
				8A9870531421320800F0E2BD /* MainWindow.xib in Resources */,
				8A9870751421329E00F0E2BD /* LeakCreationTableView.xib in Resources */,
				8A6D4C7D1422A2EA0047D02D /* Pin.png in Resources */,
				8A6D4C7E1422A2EA0047D02D /* PinDown1.png in Resources */,
				8A6D4C7F1422A2EA0047D02D /* PinDown2.png in Resources */,
				8A6D4C801422A2EA0047D02D /* PinDown3.png in Resources */,
				8A6D4C811422A2EA0047D02D /* PinFloating.png in Resources */,
				8A6D4C821422A2EA0047D02D /* PinShadow.png in Resources */,
				8A6D4C901422BA7F0047D02D /* LeakCreationInfoViewController.xib in Resources */,
				8A6D4C951422BBC40047D02D /* MapViewController.xib in Resources */,
				8A6D4C9D1423B4150047D02D /* Background0.png in Resources */,
				8A6D4C9E1423B4150047D02D /* Background1.png in Resources */,
				8A6D4C9F1423B4150047D02D /* Background2.png in Resources */,
				8A6D4CA01423B4150047D02D /* Background3.png in Resources */,
				8A6D4CA11423B4150047D02D /* Background4.png in Resources */,
				8A6D4CA21423B4150047D02D /* Background5.png in Resources */,
				8A8D015E144CF21900670EC9 /* LoadingViewController.xib in Resources */,
			);
			runOnlyForDeploymentPostprocessing = 0;
		};
/* End PBXResourcesBuildPhase section */

/* Begin PBXSourcesBuildPhase section */
		8A9870371421320800F0E2BD /* Sources */ = {
			isa = PBXSourcesBuildPhase;
			buildActionMask = 2147483647;
			files = (
				8A98704C1421320800F0E2BD /* main.m in Sources */,
				8A9870501421320800F0E2BD /* LeakAppAppDelegate.m in Sources */,
				8A9870561421320800F0E2BD /* RootViewController.m in Sources */,
				8A9870671421325500F0E2BD /* Request.m in Sources */,
				8A98706E1421325C00F0E2BD /* Leak.m in Sources */,
				8A98706F1421325C00F0E2BD /* LeakType.m in Sources */,
				8A9870701421325C00F0E2BD /* LeakManager.m in Sources */,
				8A9870741421329E00F0E2BD /* LeakCreationTableViewController.m in Sources */,
				8A6D4C8A1422AA390047D02D /* DDAnnotation.m in Sources */,
				8A6D4C8B1422AA390047D02D /* DDAnnotationView.m in Sources */,
				8A6D4C8F1422BA7F0047D02D /* LeakCreationInfoViewController.m in Sources */,
				8A6D4C941422BBC40047D02D /* MapViewController.m in Sources */,
				8A8D015D144CF21900670EC9 /* LoadingViewController.m in Sources */,
				8A8D0179144CFC5A00670EC9 /* NSObject+SBJson.m in Sources */,
				8A8D017A144CFC5A00670EC9 /* SBJsonParser.m in Sources */,
				8A8D017B144CFC5A00670EC9 /* SBJsonStreamParser.m in Sources */,
				8A8D017C144CFC5A00670EC9 /* SBJsonStreamParserAccumulator.m in Sources */,
				8A8D017D144CFC5A00670EC9 /* SBJsonStreamParserAdapter.m in Sources */,
				8A8D017E144CFC5A00670EC9 /* SBJsonStreamParserState.m in Sources */,
				8A8D017F144CFC5A00670EC9 /* SBJsonStreamWriter.m in Sources */,
				8A8D0180144CFC5A00670EC9 /* SBJsonStreamWriterAccumulator.m in Sources */,
				8A8D0181144CFC5A00670EC9 /* SBJsonStreamWriterState.m in Sources */,
				8A8D0182144CFC5A00670EC9 /* SBJsonTokeniser.m in Sources */,
				8A8D0183144CFC5A00670EC9 /* SBJsonUTF8Stream.m in Sources */,
				8A8D0184144CFC5A00670EC9 /* SBJsonWriter.m in Sources */,
				8A43C684148069C2001975BD /* ASIAuthenticationDialog.m in Sources */,
				8A43C685148069C2001975BD /* ASIDataCompressor.m in Sources */,
				8A43C686148069C2001975BD /* ASIDataDecompressor.m in Sources */,
				8A43C687148069C2001975BD /* ASIDownloadCache.m in Sources */,
				8A43C688148069C2001975BD /* ASIFormDataRequest.m in Sources */,
				8A43C689148069C2001975BD /* ASIHTTPRequest.m in Sources */,
				8A43C68A148069C2001975BD /* ASIInputStream.m in Sources */,
				8A43C68B148069C2001975BD /* ASINetworkQueue.m in Sources */,
				8A43C68E148069CE001975BD /* Reachability.m in Sources */,
			);
			runOnlyForDeploymentPostprocessing = 0;
		};
/* End PBXSourcesBuildPhase section */

/* Begin PBXVariantGroup section */
		8A9870481421320800F0E2BD /* InfoPlist.strings */ = {
			isa = PBXVariantGroup;
			children = (
				8A9870491421320800F0E2BD /* en */,
			);
			name = InfoPlist.strings;
			sourceTree = "<group>";
		};
		8A9870511421320800F0E2BD /* MainWindow.xib */ = {
			isa = PBXVariantGroup;
			children = (
				8A9870521421320800F0E2BD /* en */,
			);
			name = MainWindow.xib;
			sourceTree = "<group>";
		};
/* End PBXVariantGroup section */

/* Begin XCBuildConfiguration section */
		8A98705A1421320800F0E2BD /* Debug */ = {
			isa = XCBuildConfiguration;
			buildSettings = {
				ALWAYS_SEARCH_USER_PATHS = NO;
				ARCHS = "$(ARCHS_STANDARD_32_BIT)";
				"CODE_SIGN_IDENTITY[sdk=iphoneos*]" = "iPhone Developer";
				COPY_PHASE_STRIP = NO;
				GCC_C_LANGUAGE_STANDARD = gnu99;
				GCC_DYNAMIC_NO_PIC = NO;
				GCC_OPTIMIZATION_LEVEL = 0;
				GCC_PREPROCESSOR_DEFINITIONS = (
					"DEBUG=1",
					"$(inherited)",
				);
				GCC_SYMBOLS_PRIVATE_EXTERN = NO;
				GCC_VERSION = com.apple.compilers.llvmgcc42;
				GCC_WARN_ABOUT_MISSING_PROTOTYPES = YES;
				GCC_WARN_ABOUT_RETURN_TYPE = YES;
				GCC_WARN_UNUSED_VARIABLE = YES;
				IPHONEOS_DEPLOYMENT_TARGET = 4.3;
				SDKROOT = iphoneos;
			};
			name = Debug;
		};
		8A98705B1421320800F0E2BD /* Release */ = {
			isa = XCBuildConfiguration;
			buildSettings = {
				ALWAYS_SEARCH_USER_PATHS = NO;
				ARCHS = "$(ARCHS_STANDARD_32_BIT)";
				"CODE_SIGN_IDENTITY[sdk=iphoneos*]" = "iPhone Developer";
				COPY_PHASE_STRIP = YES;
				GCC_C_LANGUAGE_STANDARD = gnu99;
				GCC_VERSION = com.apple.compilers.llvmgcc42;
				GCC_WARN_ABOUT_MISSING_PROTOTYPES = YES;
				GCC_WARN_ABOUT_RETURN_TYPE = YES;
				GCC_WARN_UNUSED_VARIABLE = YES;
				IPHONEOS_DEPLOYMENT_TARGET = 4.3;
				OTHER_CFLAGS = "-DNS_BLOCK_ASSERTIONS=1";
				SDKROOT = iphoneos;
				VALIDATE_PRODUCT = YES;
			};
			name = Release;
		};
		8A98705D1421320800F0E2BD /* Debug */ = {
			isa = XCBuildConfiguration;
			buildSettings = {
				GCC_PRECOMPILE_PREFIX_HEADER = YES;
				GCC_PREFIX_HEADER = "LeakApp/LeakApp-Prefix.pch";
				INFOPLIST_FILE = "LeakApp/LeakApp-Info.plist";
				PRODUCT_NAME = "$(TARGET_NAME)";
				WRAPPER_EXTENSION = app;
			};
			name = Debug;
		};
		8A98705E1421320800F0E2BD /* Release */ = {
			isa = XCBuildConfiguration;
			buildSettings = {
				GCC_PRECOMPILE_PREFIX_HEADER = YES;
				GCC_PREFIX_HEADER = "LeakApp/LeakApp-Prefix.pch";
				INFOPLIST_FILE = "LeakApp/LeakApp-Info.plist";
				PRODUCT_NAME = "$(TARGET_NAME)";
				WRAPPER_EXTENSION = app;
			};
			name = Release;
		};
/* End XCBuildConfiguration section */

/* Begin XCConfigurationList section */
		8A9870351421320800F0E2BD /* Build configuration list for PBXProject "LeakApp" */ = {
			isa = XCConfigurationList;
			buildConfigurations = (
				8A98705A1421320800F0E2BD /* Debug */,
				8A98705B1421320800F0E2BD /* Release */,
			);
			defaultConfigurationIsVisible = 0;
			defaultConfigurationName = Release;
		};
		8A98705C1421320800F0E2BD /* Build configuration list for PBXNativeTarget "LeakApp" */ = {
			isa = XCConfigurationList;
			buildConfigurations = (
				8A98705D1421320800F0E2BD /* Debug */,
				8A98705E1421320800F0E2BD /* Release */,
			);
			defaultConfigurationIsVisible = 0;
			defaultConfigurationName = Release;
		};
/* End XCConfigurationList section */
	};
	rootObject = 8A9870321421320800F0E2BD /* Project object */;
}
